PODS:
  - Masonry (1.0.2)
  - ZHTableViewGroupObjc (2.5.0)

DEPENDENCIES:
  - Masonry
  - ZHTableViewGroupObjc (from `../ZHTableViewGroupObjc.podspec`)

EXTERNAL SOURCES:
  ZHTableViewGroupObjc:
    :path: "../ZHTableViewGroupObjc.podspec"

SPEC CHECKSUMS:
  Masonry: 7c429b56da9d4ee0bbb3ed77a5ea710d6a5df39e
  ZHTableViewGroupObjc: f037168a9971944a220c2fa0fd889e9e01c77ec6

PODFILE CHECKSUM: adfa7895b62394bb5580e6fa19ff58d45ee23533

COCOAPODS: 1.2.0
