// !$*UTF8*$!
{
	archiveVersion = 1;
	classes = {
	};
	objectVersion = 50;
	objects = {

/* Begin PBXBuildFile section */
		17722FBC2404A78200CEC436 /* AppDelegate.m in Sources */ = {isa = PBXBuildFile; fileRef = 17722FBB2404A78200CEC436 /* AppDelegate.m */; };
		17722FBF2404A78200CEC436 /* SceneDelegate.m in Sources */ = {isa = PBXBuildFile; fileRef = 17722FBE2404A78200CEC436 /* SceneDelegate.m */; };
		17722FC22404A78200CEC436 /* ViewController.m in Sources */ = {isa = PBXBuildFile; fileRef = 17722FC12404A78200CEC436 /* ViewController.m */; };
		17722FC52404A78200CEC436 /* Main.storyboard in Resources */ = {isa = PBXBuildFile; fileRef = 17722FC32404A78200CEC436 /* Main.storyboard */; };
		17722FC72404A78400CEC436 /* Assets.xcassets in Resources */ = {isa = PBXBuildFile; fileRef = 17722FC62404A78400CEC436 /* Assets.xcassets */; };
		17722FCA2404A78400CEC436 /* LaunchScreen.storyboard in Resources */ = {isa = PBXBuildFile; fileRef = 17722FC82404A78400CEC436 /* LaunchScreen.storyboard */; };
		17722FCD2404A78500CEC436 /* main.m in Sources */ = {isa = PBXBuildFile; fileRef = 17722FCC2404A78500CEC436 /* main.m */; };
		17722FDF2404A7D300CEC436 /* ZHTableViewGroupObjc.framework in Frameworks */ = {isa = PBXBuildFile; fileRef = 17722FD82404A7D300CEC436 /* ZHTableViewGroupObjc.framework */; };
		17722FE02404A7D300CEC436 /* ZHTableViewGroupObjc.framework in Embed Frameworks */ = {isa = PBXBuildFile; fileRef = 17722FD82404A7D300CEC436 /* ZHTableViewGroupObjc.framework */; settings = {ATTRIBUTES = (CodeSignOnCopy, RemoveHeadersOnCopy, ); }; };
		1772300E2404A80800CEC436 /* ZHCollectionViewBaseModel.h in Headers */ = {isa = PBXBuildFile; fileRef = 17722FE52404A80600CEC436 /* ZHCollectionViewBaseModel.h */; settings = {ATTRIBUTES = (Public, ); }; };
		177230102404A80800CEC436 /* ZHAutoConfigurationCollectionViewDelegate.h in Headers */ = {isa = PBXBuildFile; fileRef = 17722FE72404A80700CEC436 /* ZHAutoConfigurationCollectionViewDelegate.h */; settings = {ATTRIBUTES = (Public, ); }; };
		177230112404A80800CEC436 /* ZHCollectionViewBaseModel.m in Sources */ = {isa = PBXBuildFile; fileRef = 17722FE82404A80700CEC436 /* ZHCollectionViewBaseModel.m */; };
		177230122404A80800CEC436 /* ZHAutoConfigurationTableViewDelegate.m in Sources */ = {isa = PBXBuildFile; fileRef = 17722FE92404A80700CEC436 /* ZHAutoConfigurationTableViewDelegate.m */; };
		177230132404A80800CEC436 /* ZHTableViewDataSource.h in Headers */ = {isa = PBXBuildFile; fileRef = 17722FEA2404A80700CEC436 /* ZHTableViewDataSource.h */; settings = {ATTRIBUTES = (Public, ); }; };
		177230142404A80800CEC436 /* ZHAutoConfigurationCollectionViewDelegate.m in Sources */ = {isa = PBXBuildFile; fileRef = 17722FEB2404A80700CEC436 /* ZHAutoConfigurationCollectionViewDelegate.m */; };
		177230152404A80800CEC436 /* ZHCollectionViewDataSource.m in Sources */ = {isa = PBXBuildFile; fileRef = 17722FEC2404A80700CEC436 /* ZHCollectionViewDataSource.m */; };
		177230162404A80800CEC436 /* ZHCollectionViewCell.m in Sources */ = {isa = PBXBuildFile; fileRef = 17722FED2404A80700CEC436 /* ZHCollectionViewCell.m */; };
		177230172404A80800CEC436 /* ZHCollectionViewDataSource.h in Headers */ = {isa = PBXBuildFile; fileRef = 17722FEE2404A80700CEC436 /* ZHCollectionViewDataSource.h */; settings = {ATTRIBUTES = (Public, ); }; };
		177230182404A80800CEC436 /* ZHTableViewBaseModel.h in Headers */ = {isa = PBXBuildFile; fileRef = 17722FEF2404A80700CEC436 /* ZHTableViewBaseModel.h */; settings = {ATTRIBUTES = (Public, ); }; };
		1772301A2404A80800CEC436 /* ZHTableViewCell.m in Sources */ = {isa = PBXBuildFile; fileRef = 17722FF12404A80700CEC436 /* ZHTableViewCell.m */; };
		1772301B2404A80800CEC436 /* ZHCollectionViewCell.h in Headers */ = {isa = PBXBuildFile; fileRef = 17722FF22404A80700CEC436 /* ZHCollectionViewCell.h */; settings = {ATTRIBUTES = (Public, ); }; };
		1772301C2404A80800CEC436 /* ZHTableViewGroupObjc.h in Headers */ = {isa = PBXBuildFile; fileRef = 17722FF32404A80700CEC436 /* ZHTableViewGroupObjc.h */; settings = {ATTRIBUTES = (Public, ); }; };
		1772301E2404A80800CEC436 /* ZHTableViewBaseModel.m in Sources */ = {isa = PBXBuildFile; fileRef = 17722FF52404A80700CEC436 /* ZHTableViewBaseModel.m */; };
		1772301F2404A80800CEC436 /* ZHCollectionViewHeaderFooter.m in Sources */ = {isa = PBXBuildFile; fileRef = 17722FF62404A80700CEC436 /* ZHCollectionViewHeaderFooter.m */; };
		177230202404A80800CEC436 /* ZHTableViewDataSource.m in Sources */ = {isa = PBXBuildFile; fileRef = 17722FF72404A80700CEC436 /* ZHTableViewDataSource.m */; };
		177230252404A80800CEC436 /* ZHCollectionViewHeaderFooter.h in Headers */ = {isa = PBXBuildFile; fileRef = 17722FFC2404A80700CEC436 /* ZHCollectionViewHeaderFooter.h */; settings = {ATTRIBUTES = (Public, ); }; };
		177230272404A80800CEC436 /* ZHAutoConfigurationTableViewDelegate.h in Headers */ = {isa = PBXBuildFile; fileRef = 17722FFE2404A80700CEC436 /* ZHAutoConfigurationTableViewDelegate.h */; settings = {ATTRIBUTES = (Public, ); }; };
		1772302B2404A80800CEC436 /* ZHTableViewGroup.h in Headers */ = {isa = PBXBuildFile; fileRef = 177230032404A80800CEC436 /* ZHTableViewGroup.h */; settings = {ATTRIBUTES = (Public, ); }; };
		1772302C2404A80800CEC436 /* ZHTableViewHeaderFooter.m in Sources */ = {isa = PBXBuildFile; fileRef = 177230042404A80800CEC436 /* ZHTableViewHeaderFooter.m */; };
		1772302D2404A80800CEC436 /* ZHTableViewHeaderFooter.h in Headers */ = {isa = PBXBuildFile; fileRef = 177230052404A80800CEC436 /* ZHTableViewHeaderFooter.h */; settings = {ATTRIBUTES = (Public, ); }; };
		1772302E2404A80800CEC436 /* ZHCollectionViewGroup.m in Sources */ = {isa = PBXBuildFile; fileRef = 177230062404A80800CEC436 /* ZHCollectionViewGroup.m */; };
		1772302F2404A80800CEC436 /* ZHTableViewGroup.m in Sources */ = {isa = PBXBuildFile; fileRef = 177230072404A80800CEC436 /* ZHTableViewGroup.m */; };
		177230312404A80800CEC436 /* ZHTableViewCell.h in Headers */ = {isa = PBXBuildFile; fileRef = 177230092404A80800CEC436 /* ZHTableViewCell.h */; settings = {ATTRIBUTES = (Public, ); }; };
		177230322404A80800CEC436 /* ZHCollectionViewGroup.h in Headers */ = {isa = PBXBuildFile; fileRef = 1772300A2404A80800CEC436 /* ZHCollectionViewGroup.h */; settings = {ATTRIBUTES = (Public, ); }; };
		17C9D6502404CACF00D7B871 /* ReloadHeightViewController.m in Sources */ = {isa = PBXBuildFile; fileRef = 17C9D64A2404C3F500D7B871 /* ReloadHeightViewController.m */; };
		17C9D6592404F1F300D7B871 /* TableViewController.m in Sources */ = {isa = PBXBuildFile; fileRef = 17C9D6572404F1F300D7B871 /* TableViewController.m */; };
		17C9D65A2404F1F300D7B871 /* TableViewController.xib in Resources */ = {isa = PBXBuildFile; fileRef = 17C9D6582404F1F300D7B871 /* TableViewController.xib */; };
		17C9D65D2404FF0900D7B871 /* SetHeightViewController.m in Sources */ = {isa = PBXBuildFile; fileRef = 17C9D65C2404FF0900D7B871 /* SetHeightViewController.m */; };
		17C9D660240514F900D7B871 /* ReloadCellViewController.m in Sources */ = {isa = PBXBuildFile; fileRef = 17C9D65F240514F900D7B871 /* ReloadCellViewController.m */; };
		17C9D6632405198D00D7B871 /* ReloadCellDataViewController.m in Sources */ = {isa = PBXBuildFile; fileRef = 17C9D6622405198D00D7B871 /* ReloadCellDataViewController.m */; };
/* End PBXBuildFile section */

/* Begin PBXContainerItemProxy section */
		17722FDD2404A7D300CEC436 /* PBXContainerItemProxy */ = {
			isa = PBXContainerItemProxy;
			containerPortal = 17722FAF2404A78200CEC436 /* Project object */;
			proxyType = 1;
			remoteGlobalIDString = 17722FD72404A7D300CEC436;
			remoteInfo = ZHTableViewGroupObjc;
		};
/* End PBXContainerItemProxy section */

/* Begin PBXCopyFilesBuildPhase section */
		17722FE42404A7D300CEC436 /* Embed Frameworks */ = {
			isa = PBXCopyFilesBuildPhase;
			buildActionMask = 2147483647;
			dstPath = "";
			dstSubfolderSpec = 10;
			files = (
				17722FE02404A7D300CEC436 /* ZHTableViewGroupObjc.framework in Embed Frameworks */,
			);
			name = "Embed Frameworks";
			runOnlyForDeploymentPostprocessing = 0;
		};
/* End PBXCopyFilesBuildPhase section */

/* Begin PBXFileReference section */
		17722FB72404A78200CEC436 /* ZHTableViewGroupExample.app */ = {isa = PBXFileReference; explicitFileType = wrapper.application; includeInIndex = 0; path = ZHTableViewGroupExample.app; sourceTree = BUILT_PRODUCTS_DIR; };
		17722FBA2404A78200CEC436 /* AppDelegate.h */ = {isa = PBXFileReference; lastKnownFileType = sourcecode.c.h; path = AppDelegate.h; sourceTree = "<group>"; };
		17722FBB2404A78200CEC436 /* AppDelegate.m */ = {isa = PBXFileReference; lastKnownFileType = sourcecode.c.objc; path = AppDelegate.m; sourceTree = "<group>"; };
		17722FBD2404A78200CEC436 /* SceneDelegate.h */ = {isa = PBXFileReference; lastKnownFileType = sourcecode.c.h; path = SceneDelegate.h; sourceTree = "<group>"; };
		17722FBE2404A78200CEC436 /* SceneDelegate.m */ = {isa = PBXFileReference; lastKnownFileType = sourcecode.c.objc; path = SceneDelegate.m; sourceTree = "<group>"; };
		17722FC02404A78200CEC436 /* ViewController.h */ = {isa = PBXFileReference; lastKnownFileType = sourcecode.c.h; path = ViewController.h; sourceTree = "<group>"; };
		17722FC12404A78200CEC436 /* ViewController.m */ = {isa = PBXFileReference; lastKnownFileType = sourcecode.c.objc; path = ViewController.m; sourceTree = "<group>"; };
		17722FC42404A78200CEC436 /* Base */ = {isa = PBXFileReference; lastKnownFileType = file.storyboard; name = Base; path = Base.lproj/Main.storyboard; sourceTree = "<group>"; };
		17722FC62404A78400CEC436 /* Assets.xcassets */ = {isa = PBXFileReference; lastKnownFileType = folder.assetcatalog; path = Assets.xcassets; sourceTree = "<group>"; };
		17722FC92404A78400CEC436 /* Base */ = {isa = PBXFileReference; lastKnownFileType = file.storyboard; name = Base; path = Base.lproj/LaunchScreen.storyboard; sourceTree = "<group>"; };
		17722FCB2404A78400CEC436 /* Info.plist */ = {isa = PBXFileReference; lastKnownFileType = text.plist.xml; path = Info.plist; sourceTree = "<group>"; };
		17722FCC2404A78500CEC436 /* main.m */ = {isa = PBXFileReference; lastKnownFileType = sourcecode.c.objc; path = main.m; sourceTree = "<group>"; };
		17722FD82404A7D300CEC436 /* ZHTableViewGroupObjc.framework */ = {isa = PBXFileReference; explicitFileType = wrapper.framework; includeInIndex = 0; path = ZHTableViewGroupObjc.framework; sourceTree = BUILT_PRODUCTS_DIR; };
		17722FDB2404A7D300CEC436 /* Info.plist */ = {isa = PBXFileReference; lastKnownFileType = text.plist.xml; path = Info.plist; sourceTree = "<group>"; };
		17722FE52404A80600CEC436 /* ZHCollectionViewBaseModel.h */ = {isa = PBXFileReference; fileEncoding = 4; lastKnownFileType = sourcecode.c.h; path = ZHCollectionViewBaseModel.h; sourceTree = "<group>"; };
		17722FE72404A80700CEC436 /* ZHAutoConfigurationCollectionViewDelegate.h */ = {isa = PBXFileReference; fileEncoding = 4; lastKnownFileType = sourcecode.c.h; path = ZHAutoConfigurationCollectionViewDelegate.h; sourceTree = "<group>"; };
		17722FE82404A80700CEC436 /* ZHCollectionViewBaseModel.m */ = {isa = PBXFileReference; fileEncoding = 4; lastKnownFileType = sourcecode.c.objc; path = ZHCollectionViewBaseModel.m; sourceTree = "<group>"; };
		17722FE92404A80700CEC436 /* ZHAutoConfigurationTableViewDelegate.m */ = {isa = PBXFileReference; fileEncoding = 4; lastKnownFileType = sourcecode.c.objc; name = ZHAutoConfigurationTableViewDelegate.m; path = ../CollectionView/ZHAutoConfigurationTableViewDelegate.m; sourceTree = "<group>"; };
		17722FEA2404A80700CEC436 /* ZHTableViewDataSource.h */ = {isa = PBXFileReference; fileEncoding = 4; lastKnownFileType = sourcecode.c.h; name = ZHTableViewDataSource.h; path = ../CollectionView/ZHTableViewDataSource.h; sourceTree = "<group>"; };
		17722FEB2404A80700CEC436 /* ZHAutoConfigurationCollectionViewDelegate.m */ = {isa = PBXFileReference; fileEncoding = 4; lastKnownFileType = sourcecode.c.objc; path = ZHAutoConfigurationCollectionViewDelegate.m; sourceTree = "<group>"; };
		17722FEC2404A80700CEC436 /* ZHCollectionViewDataSource.m */ = {isa = PBXFileReference; fileEncoding = 4; lastKnownFileType = sourcecode.c.objc; path = ZHCollectionViewDataSource.m; sourceTree = "<group>"; };
		17722FED2404A80700CEC436 /* ZHCollectionViewCell.m */ = {isa = PBXFileReference; fileEncoding = 4; lastKnownFileType = sourcecode.c.objc; path = ZHCollectionViewCell.m; sourceTree = "<group>"; };
		17722FEE2404A80700CEC436 /* ZHCollectionViewDataSource.h */ = {isa = PBXFileReference; fileEncoding = 4; lastKnownFileType = sourcecode.c.h; path = ZHCollectionViewDataSource.h; sourceTree = "<group>"; };
		17722FEF2404A80700CEC436 /* ZHTableViewBaseModel.h */ = {isa = PBXFileReference; fileEncoding = 4; lastKnownFileType = sourcecode.c.h; name = ZHTableViewBaseModel.h; path = ../CollectionView/ZHTableViewBaseModel.h; sourceTree = "<group>"; };
		17722FF12404A80700CEC436 /* ZHTableViewCell.m */ = {isa = PBXFileReference; fileEncoding = 4; lastKnownFileType = sourcecode.c.objc; name = ZHTableViewCell.m; path = ../CollectionView/ZHTableViewCell.m; sourceTree = "<group>"; };
		17722FF22404A80700CEC436 /* ZHCollectionViewCell.h */ = {isa = PBXFileReference; fileEncoding = 4; lastKnownFileType = sourcecode.c.h; path = ZHCollectionViewCell.h; sourceTree = "<group>"; };
		17722FF32404A80700CEC436 /* ZHTableViewGroupObjc.h */ = {isa = PBXFileReference; fileEncoding = 4; lastKnownFileType = sourcecode.c.h; path = ZHTableViewGroupObjc.h; sourceTree = "<group>"; };
		17722FF52404A80700CEC436 /* ZHTableViewBaseModel.m */ = {isa = PBXFileReference; fileEncoding = 4; lastKnownFileType = sourcecode.c.objc; name = ZHTableViewBaseModel.m; path = ../CollectionView/ZHTableViewBaseModel.m; sourceTree = "<group>"; };
		17722FF62404A80700CEC436 /* ZHCollectionViewHeaderFooter.m */ = {isa = PBXFileReference; fileEncoding = 4; lastKnownFileType = sourcecode.c.objc; path = ZHCollectionViewHeaderFooter.m; sourceTree = "<group>"; };
		17722FF72404A80700CEC436 /* ZHTableViewDataSource.m */ = {isa = PBXFileReference; fileEncoding = 4; lastKnownFileType = sourcecode.c.objc; name = ZHTableViewDataSource.m; path = ../CollectionView/ZHTableViewDataSource.m; sourceTree = "<group>"; };
		17722FFC2404A80700CEC436 /* ZHCollectionViewHeaderFooter.h */ = {isa = PBXFileReference; fileEncoding = 4; lastKnownFileType = sourcecode.c.h; path = ZHCollectionViewHeaderFooter.h; sourceTree = "<group>"; };
		17722FFE2404A80700CEC436 /* ZHAutoConfigurationTableViewDelegate.h */ = {isa = PBXFileReference; fileEncoding = 4; lastKnownFileType = sourcecode.c.h; name = ZHAutoConfigurationTableViewDelegate.h; path = ../CollectionView/ZHAutoConfigurationTableViewDelegate.h; sourceTree = "<group>"; };
		177230032404A80800CEC436 /* ZHTableViewGroup.h */ = {isa = PBXFileReference; fileEncoding = 4; lastKnownFileType = sourcecode.c.h; name = ZHTableViewGroup.h; path = ../CollectionView/ZHTableViewGroup.h; sourceTree = "<group>"; };
		177230042404A80800CEC436 /* ZHTableViewHeaderFooter.m */ = {isa = PBXFileReference; fileEncoding = 4; lastKnownFileType = sourcecode.c.objc; name = ZHTableViewHeaderFooter.m; path = ../CollectionView/ZHTableViewHeaderFooter.m; sourceTree = "<group>"; };
		177230052404A80800CEC436 /* ZHTableViewHeaderFooter.h */ = {isa = PBXFileReference; fileEncoding = 4; lastKnownFileType = sourcecode.c.h; name = ZHTableViewHeaderFooter.h; path = ../CollectionView/ZHTableViewHeaderFooter.h; sourceTree = "<group>"; };
		177230062404A80800CEC436 /* ZHCollectionViewGroup.m */ = {isa = PBXFileReference; fileEncoding = 4; lastKnownFileType = sourcecode.c.objc; path = ZHCollectionViewGroup.m; sourceTree = "<group>"; };
		177230072404A80800CEC436 /* ZHTableViewGroup.m */ = {isa = PBXFileReference; fileEncoding = 4; lastKnownFileType = sourcecode.c.objc; name = ZHTableViewGroup.m; path = ../CollectionView/ZHTableViewGroup.m; sourceTree = "<group>"; };
		177230092404A80800CEC436 /* ZHTableViewCell.h */ = {isa = PBXFileReference; fileEncoding = 4; lastKnownFileType = sourcecode.c.h; name = ZHTableViewCell.h; path = ../CollectionView/ZHTableViewCell.h; sourceTree = "<group>"; };
		1772300A2404A80800CEC436 /* ZHCollectionViewGroup.h */ = {isa = PBXFileReference; fileEncoding = 4; lastKnownFileType = sourcecode.c.h; path = ZHCollectionViewGroup.h; sourceTree = "<group>"; };
		17C9D6492404C3F500D7B871 /* ReloadHeightViewController.h */ = {isa = PBXFileReference; lastKnownFileType = sourcecode.c.h; path = ReloadHeightViewController.h; sourceTree = "<group>"; };
		17C9D64A2404C3F500D7B871 /* ReloadHeightViewController.m */ = {isa = PBXFileReference; lastKnownFileType = sourcecode.c.objc; path = ReloadHeightViewController.m; sourceTree = "<group>"; };
		17C9D6562404F1F300D7B871 /* TableViewController.h */ = {isa = PBXFileReference; lastKnownFileType = sourcecode.c.h; path = TableViewController.h; sourceTree = "<group>"; };
		17C9D6572404F1F300D7B871 /* TableViewController.m */ = {isa = PBXFileReference; lastKnownFileType = sourcecode.c.objc; path = TableViewController.m; sourceTree = "<group>"; };
		17C9D6582404F1F300D7B871 /* TableViewController.xib */ = {isa = PBXFileReference; lastKnownFileType = file.xib; path = TableViewController.xib; sourceTree = "<group>"; };
		17C9D65B2404FF0900D7B871 /* SetHeightViewController.h */ = {isa = PBXFileReference; lastKnownFileType = sourcecode.c.h; path = SetHeightViewController.h; sourceTree = "<group>"; };
		17C9D65C2404FF0900D7B871 /* SetHeightViewController.m */ = {isa = PBXFileReference; lastKnownFileType = sourcecode.c.objc; path = SetHeightViewController.m; sourceTree = "<group>"; };
		17C9D65E240514F900D7B871 /* ReloadCellViewController.h */ = {isa = PBXFileReference; lastKnownFileType = sourcecode.c.h; path = ReloadCellViewController.h; sourceTree = "<group>"; };
		17C9D65F240514F900D7B871 /* ReloadCellViewController.m */ = {isa = PBXFileReference; lastKnownFileType = sourcecode.c.objc; path = ReloadCellViewController.m; sourceTree = "<group>"; };
		17C9D6612405198D00D7B871 /* ReloadCellDataViewController.h */ = {isa = PBXFileReference; lastKnownFileType = sourcecode.c.h; path = ReloadCellDataViewController.h; sourceTree = "<group>"; };
		17C9D6622405198D00D7B871 /* ReloadCellDataViewController.m */ = {isa = PBXFileReference; lastKnownFileType = sourcecode.c.objc; path = ReloadCellDataViewController.m; sourceTree = "<group>"; };
/* End PBXFileReference section */

/* Begin PBXFrameworksBuildPhase section */
		17722FB42404A78200CEC436 /* Frameworks */ = {
			isa = PBXFrameworksBuildPhase;
			buildActionMask = 2147483647;
			files = (
				17722FDF2404A7D300CEC436 /* ZHTableViewGroupObjc.framework in Frameworks */,
			);
			runOnlyForDeploymentPostprocessing = 0;
		};
		17722FD52404A7D300CEC436 /* Frameworks */ = {
			isa = PBXFrameworksBuildPhase;
			buildActionMask = 2147483647;
			files = (
			);
			runOnlyForDeploymentPostprocessing = 0;
		};
/* End PBXFrameworksBuildPhase section */

/* Begin PBXGroup section */
		17722FAE2404A78200CEC436 = {
			isa = PBXGroup;
			children = (
				17722FB92404A78200CEC436 /* ZHTableViewGroupExample */,
				17722FD92404A7D300CEC436 /* ZHTableViewGroupObjc */,
				17722FB82404A78200CEC436 /* Products */,
			);
			sourceTree = "<group>";
		};
		17722FB82404A78200CEC436 /* Products */ = {
			isa = PBXGroup;
			children = (
				17722FB72404A78200CEC436 /* ZHTableViewGroupExample.app */,
				17722FD82404A7D300CEC436 /* ZHTableViewGroupObjc.framework */,
			);
			name = Products;
			sourceTree = "<group>";
		};
		17722FB92404A78200CEC436 /* ZHTableViewGroupExample */ = {
			isa = PBXGroup;
			children = (
				17722FBA2404A78200CEC436 /* AppDelegate.h */,
				17722FBB2404A78200CEC436 /* AppDelegate.m */,
				17722FBD2404A78200CEC436 /* SceneDelegate.h */,
				17722FBE2404A78200CEC436 /* SceneDelegate.m */,
				17722FC02404A78200CEC436 /* ViewController.h */,
				17722FC12404A78200CEC436 /* ViewController.m */,
				17C9D6492404C3F500D7B871 /* ReloadHeightViewController.h */,
				17C9D64A2404C3F500D7B871 /* ReloadHeightViewController.m */,
				17C9D65B2404FF0900D7B871 /* SetHeightViewController.h */,
				17C9D65C2404FF0900D7B871 /* SetHeightViewController.m */,
				17C9D65E240514F900D7B871 /* ReloadCellViewController.h */,
				17C9D65F240514F900D7B871 /* ReloadCellViewController.m */,
				17C9D6612405198D00D7B871 /* ReloadCellDataViewController.h */,
				17C9D6622405198D00D7B871 /* ReloadCellDataViewController.m */,
				17C9D6562404F1F300D7B871 /* TableViewController.h */,
				17C9D6572404F1F300D7B871 /* TableViewController.m */,
				17C9D6582404F1F300D7B871 /* TableViewController.xib */,
				17722FC32404A78200CEC436 /* Main.storyboard */,
				17722FC62404A78400CEC436 /* Assets.xcassets */,
				17722FC82404A78400CEC436 /* LaunchScreen.storyboard */,
				17722FCB2404A78400CEC436 /* Info.plist */,
				17722FCC2404A78500CEC436 /* main.m */,
			);
			path = ZHTableViewGroupExample;
			sourceTree = "<group>";
		};
		17722FD92404A7D300CEC436 /* ZHTableViewGroupObjc */ = {
			isa = PBXGroup;
			children = (
				177230372404A88000CEC436 /* CollectionView */,
				177230362404A87500CEC436 /* TableView */,
				17722FF32404A80700CEC436 /* ZHTableViewGroupObjc.h */,
				17722FDB2404A7D300CEC436 /* Info.plist */,
			);
			path = ZHTableViewGroupObjc;
			sourceTree = "<group>";
		};
		177230362404A87500CEC436 /* TableView */ = {
			isa = PBXGroup;
			children = (
				17722FFE2404A80700CEC436 /* ZHAutoConfigurationTableViewDelegate.h */,
				17722FE92404A80700CEC436 /* ZHAutoConfigurationTableViewDelegate.m */,
				17722FEF2404A80700CEC436 /* ZHTableViewBaseModel.h */,
				17722FF52404A80700CEC436 /* ZHTableViewBaseModel.m */,
				177230092404A80800CEC436 /* ZHTableViewCell.h */,
				17722FF12404A80700CEC436 /* ZHTableViewCell.m */,
				17722FEA2404A80700CEC436 /* ZHTableViewDataSource.h */,
				17722FF72404A80700CEC436 /* ZHTableViewDataSource.m */,
				177230032404A80800CEC436 /* ZHTableViewGroup.h */,
				177230072404A80800CEC436 /* ZHTableViewGroup.m */,
				177230052404A80800CEC436 /* ZHTableViewHeaderFooter.h */,
				177230042404A80800CEC436 /* ZHTableViewHeaderFooter.m */,
			);
			path = TableView;
			sourceTree = "<group>";
		};
		177230372404A88000CEC436 /* CollectionView */ = {
			isa = PBXGroup;
			children = (
				17722FE72404A80700CEC436 /* ZHAutoConfigurationCollectionViewDelegate.h */,
				17722FEB2404A80700CEC436 /* ZHAutoConfigurationCollectionViewDelegate.m */,
				17722FE52404A80600CEC436 /* ZHCollectionViewBaseModel.h */,
				17722FE82404A80700CEC436 /* ZHCollectionViewBaseModel.m */,
				17722FF22404A80700CEC436 /* ZHCollectionViewCell.h */,
				17722FED2404A80700CEC436 /* ZHCollectionViewCell.m */,
				17722FEE2404A80700CEC436 /* ZHCollectionViewDataSource.h */,
				17722FEC2404A80700CEC436 /* ZHCollectionViewDataSource.m */,
				1772300A2404A80800CEC436 /* ZHCollectionViewGroup.h */,
				177230062404A80800CEC436 /* ZHCollectionViewGroup.m */,
				17722FFC2404A80700CEC436 /* ZHCollectionViewHeaderFooter.h */,
				17722FF62404A80700CEC436 /* ZHCollectionViewHeaderFooter.m */,
			);
			path = CollectionView;
			sourceTree = "<group>";
		};
/* End PBXGroup section */

/* Begin PBXHeadersBuildPhase section */
		17722FD32404A7D300CEC436 /* Headers */ = {
			isa = PBXHeadersBuildPhase;
			buildActionMask = 2147483647;
			files = (
				177230102404A80800CEC436 /* ZHAutoConfigurationCollectionViewDelegate.h in Headers */,
				177230272404A80800CEC436 /* ZHAutoConfigurationTableViewDelegate.h in Headers */,
				177230182404A80800CEC436 /* ZHTableViewBaseModel.h in Headers */,
				177230172404A80800CEC436 /* ZHCollectionViewDataSource.h in Headers */,
				177230132404A80800CEC436 /* ZHTableViewDataSource.h in Headers */,
				1772301C2404A80800CEC436 /* ZHTableViewGroupObjc.h in Headers */,
				1772302B2404A80800CEC436 /* ZHTableViewGroup.h in Headers */,
				1772301B2404A80800CEC436 /* ZHCollectionViewCell.h in Headers */,
				177230252404A80800CEC436 /* ZHCollectionViewHeaderFooter.h in Headers */,
				177230322404A80800CEC436 /* ZHCollectionViewGroup.h in Headers */,
				177230312404A80800CEC436 /* ZHTableViewCell.h in Headers */,
				1772300E2404A80800CEC436 /* ZHCollectionViewBaseModel.h in Headers */,
				1772302D2404A80800CEC436 /* ZHTableViewHeaderFooter.h in Headers */,
			);
			runOnlyForDeploymentPostprocessing = 0;
		};
/* End PBXHeadersBuildPhase section */

/* Begin PBXNativeTarget section */
		17722FB62404A78200CEC436 /* ZHTableViewGroupExample */ = {
			isa = PBXNativeTarget;
			buildConfigurationList = 17722FD02404A78500CEC436 /* Build configuration list for PBXNativeTarget "ZHTableViewGroupExample" */;
			buildPhases = (
				17722FB32404A78200CEC436 /* Sources */,
				17722FB42404A78200CEC436 /* Frameworks */,
				17722FB52404A78200CEC436 /* Resources */,
				17722FE42404A7D300CEC436 /* Embed Frameworks */,
			);
			buildRules = (
			);
			dependencies = (
				17722FDE2404A7D300CEC436 /* PBXTargetDependency */,
			);
			name = ZHTableViewGroupExample;
			productName = ZHTableViewGroupExample;
			productReference = 17722FB72404A78200CEC436 /* ZHTableViewGroupExample.app */;
			productType = "com.apple.product-type.application";
		};
		17722FD72404A7D300CEC436 /* ZHTableViewGroupObjc */ = {
			isa = PBXNativeTarget;
			buildConfigurationList = 17722FE12404A7D300CEC436 /* Build configuration list for PBXNativeTarget "ZHTableViewGroupObjc" */;
			buildPhases = (
				17722FD32404A7D300CEC436 /* Headers */,
				17722FD42404A7D300CEC436 /* Sources */,
				17722FD52404A7D300CEC436 /* Frameworks */,
				17722FD62404A7D300CEC436 /* Resources */,
			);
			buildRules = (
			);
			dependencies = (
			);
			name = ZHTableViewGroupObjc;
			productName = ZHTableViewGroupObjc;
			productReference = 17722FD82404A7D300CEC436 /* ZHTableViewGroupObjc.framework */;
			productType = "com.apple.product-type.framework";
		};
/* End PBXNativeTarget section */

/* Begin PBXProject section */
		17722FAF2404A78200CEC436 /* Project object */ = {
			isa = PBXProject;
			attributes = {
				LastUpgradeCheck = 1110;
				ORGANIZATIONNAME = josercc;
				TargetAttributes = {
					17722FB62404A78200CEC436 = {
						CreatedOnToolsVersion = 11.1;
					};
					17722FD72404A7D300CEC436 = {
						CreatedOnToolsVersion = 11.1;
					};
				};
			};
			buildConfigurationList = 17722FB22404A78200CEC436 /* Build configuration list for PBXProject "ZHTableViewGroupExample" */;
			compatibilityVersion = "Xcode 9.3";
			developmentRegion = en;
			hasScannedForEncodings = 0;
			knownRegions = (
				en,
				Base,
			);
			mainGroup = 17722FAE2404A78200CEC436;
			productRefGroup = 17722FB82404A78200CEC436 /* Products */;
			projectDirPath = "";
			projectRoot = "";
			targets = (
				17722FB62404A78200CEC436 /* ZHTableViewGroupExample */,
				17722FD72404A7D300CEC436 /* ZHTableViewGroupObjc */,
			);
		};
/* End PBXProject section */

/* Begin PBXResourcesBuildPhase section */
		17722FB52404A78200CEC436 /* Resources */ = {
			isa = PBXResourcesBuildPhase;
			buildActionMask = 2147483647;
			files = (
				17722FCA2404A78400CEC436 /* LaunchScreen.storyboard in Resources */,
				17722FC72404A78400CEC436 /* Assets.xcassets in Resources */,
				17C9D65A2404F1F300D7B871 /* TableViewController.xib in Resources */,
				17722FC52404A78200CEC436 /* Main.storyboard in Resources */,
			);
			runOnlyForDeploymentPostprocessing = 0;
		};
		17722FD62404A7D300CEC436 /* Resources */ = {
			isa = PBXResourcesBuildPhase;
			buildActionMask = 2147483647;
			files = (
			);
			runOnlyForDeploymentPostprocessing = 0;
		};
/* End PBXResourcesBuildPhase section */

/* Begin PBXSourcesBuildPhase section */
		17722FB32404A78200CEC436 /* Sources */ = {
			isa = PBXSourcesBuildPhase;
			buildActionMask = 2147483647;
			files = (
				17722FC22404A78200CEC436 /* ViewController.m in Sources */,
				17C9D6592404F1F300D7B871 /* TableViewController.m in Sources */,
				17C9D65D2404FF0900D7B871 /* SetHeightViewController.m in Sources */,
				17C9D6632405198D00D7B871 /* ReloadCellDataViewController.m in Sources */,
				17C9D660240514F900D7B871 /* ReloadCellViewController.m in Sources */,
				17722FBC2404A78200CEC436 /* AppDelegate.m in Sources */,
				17722FCD2404A78500CEC436 /* main.m in Sources */,
				17C9D6502404CACF00D7B871 /* ReloadHeightViewController.m in Sources */,
				17722FBF2404A78200CEC436 /* SceneDelegate.m in Sources */,
			);
			runOnlyForDeploymentPostprocessing = 0;
		};
		17722FD42404A7D300CEC436 /* Sources */ = {
			isa = PBXSourcesBuildPhase;
			buildActionMask = 2147483647;
			files = (
				177230142404A80800CEC436 /* ZHAutoConfigurationCollectionViewDelegate.m in Sources */,
				1772301F2404A80800CEC436 /* ZHCollectionViewHeaderFooter.m in Sources */,
				1772301A2404A80800CEC436 /* ZHTableViewCell.m in Sources */,
				1772301E2404A80800CEC436 /* ZHTableViewBaseModel.m in Sources */,
				177230202404A80800CEC436 /* ZHTableViewDataSource.m in Sources */,
				177230122404A80800CEC436 /* ZHAutoConfigurationTableViewDelegate.m in Sources */,
				1772302E2404A80800CEC436 /* ZHCollectionViewGroup.m in Sources */,
				1772302F2404A80800CEC436 /* ZHTableViewGroup.m in Sources */,
				177230162404A80800CEC436 /* ZHCollectionViewCell.m in Sources */,
				177230112404A80800CEC436 /* ZHCollectionViewBaseModel.m in Sources */,
				1772302C2404A80800CEC436 /* ZHTableViewHeaderFooter.m in Sources */,
				177230152404A80800CEC436 /* ZHCollectionViewDataSource.m in Sources */,
			);
			runOnlyForDeploymentPostprocessing = 0;
		};
/* End PBXSourcesBuildPhase section */

/* Begin PBXTargetDependency section */
		17722FDE2404A7D300CEC436 /* PBXTargetDependency */ = {
			isa = PBXTargetDependency;
			target = 17722FD72404A7D300CEC436 /* ZHTableViewGroupObjc */;
			targetProxy = 17722FDD2404A7D300CEC436 /* PBXContainerItemProxy */;
		};
/* End PBXTargetDependency section */

/* Begin PBXVariantGroup section */
		17722FC32404A78200CEC436 /* Main.storyboard */ = {
			isa = PBXVariantGroup;
			children = (
				17722FC42404A78200CEC436 /* Base */,
			);
			name = Main.storyboard;
			sourceTree = "<group>";
		};
		17722FC82404A78400CEC436 /* LaunchScreen.storyboard */ = {
			isa = PBXVariantGroup;
			children = (
				17722FC92404A78400CEC436 /* Base */,
			);
			name = LaunchScreen.storyboard;
			sourceTree = "<group>";
		};
/* End PBXVariantGroup section */

/* Begin XCBuildConfiguration section */
		17722FCE2404A78500CEC436 /* Debug */ = {
			isa = XCBuildConfiguration;
			buildSettings = {
				ALWAYS_SEARCH_USER_PATHS = NO;
				CLANG_ANALYZER_NONNULL = YES;
				CLANG_ANALYZER_NUMBER_OBJECT_CONVERSION = YES_AGGRESSIVE;
				CLANG_CXX_LANGUAGE_STANDARD = "gnu++14";
				CLANG_CXX_LIBRARY = "libc++";
				CLANG_ENABLE_MODULES = YES;
				CLANG_ENABLE_OBJC_ARC = YES;
				CLANG_ENABLE_OBJC_WEAK = YES;
				CLANG_WARN_BLOCK_CAPTURE_AUTORELEASING = YES;
				CLANG_WARN_BOOL_CONVERSION = YES;
				CLANG_WARN_COMMA = YES;
				CLANG_WARN_CONSTANT_CONVERSION = YES;
				CLANG_WARN_DEPRECATED_OBJC_IMPLEMENTATIONS = YES;
				CLANG_WARN_DIRECT_OBJC_ISA_USAGE = YES_ERROR;
				CLANG_WARN_DOCUMENTATION_COMMENTS = YES;
				CLANG_WARN_EMPTY_BODY = YES;
				CLANG_WARN_ENUM_CONVERSION = YES;
				CLANG_WARN_INFINITE_RECURSION = YES;
				CLANG_WARN_INT_CONVERSION = YES;
				CLANG_WARN_NON_LITERAL_NULL_CONVERSION = YES;
				CLANG_WARN_OBJC_IMPLICIT_RETAIN_SELF = YES;
				CLANG_WARN_OBJC_LITERAL_CONVERSION = YES;
				CLANG_WARN_OBJC_ROOT_CLASS = YES_ERROR;
				CLANG_WARN_RANGE_LOOP_ANALYSIS = YES;
				CLANG_WARN_STRICT_PROTOTYPES = YES;
				CLANG_WARN_SUSPICIOUS_MOVE = YES;
				CLANG_WARN_UNGUARDED_AVAILABILITY = YES_AGGRESSIVE;
				CLANG_WARN_UNREACHABLE_CODE = YES;
				CLANG_WARN__DUPLICATE_METHOD_MATCH = YES;
				COPY_PHASE_STRIP = NO;
				DEBUG_INFORMATION_FORMAT = dwarf;
				ENABLE_STRICT_OBJC_MSGSEND = YES;
				ENABLE_TESTABILITY = YES;
				GCC_C_LANGUAGE_STANDARD = gnu11;
				GCC_DYNAMIC_NO_PIC = NO;
				GCC_NO_COMMON_BLOCKS = YES;
				GCC_OPTIMIZATION_LEVEL = 0;
				GCC_PREPROCESSOR_DEFINITIONS = (
					"DEBUG=1",
					"$(inherited)",
				);
				GCC_WARN_64_TO_32_BIT_CONVERSION = YES;
				GCC_WARN_ABOUT_RETURN_TYPE = YES_ERROR;
				GCC_WARN_UNDECLARED_SELECTOR = YES;
				GCC_WARN_UNINITIALIZED_AUTOS = YES_AGGRESSIVE;
				GCC_WARN_UNUSED_FUNCTION = YES;
				GCC_WARN_UNUSED_VARIABLE = YES;
				IPHONEOS_DEPLOYMENT_TARGET = 13.1;
				MTL_ENABLE_DEBUG_INFO = INCLUDE_SOURCE;
				MTL_FAST_MATH = YES;
				ONLY_ACTIVE_ARCH = YES;
				SDKROOT = iphoneos;
			};
			name = Debug;
		};
		17722FCF2404A78500CEC436 /* Release */ = {
			isa = XCBuildConfiguration;
			buildSettings = {
				ALWAYS_SEARCH_USER_PATHS = NO;
				CLANG_ANALYZER_NONNULL = YES;
				CLANG_ANALYZER_NUMBER_OBJECT_CONVERSION = YES_AGGRESSIVE;
				CLANG_CXX_LANGUAGE_STANDARD = "gnu++14";
				CLANG_CXX_LIBRARY = "libc++";
				CLANG_ENABLE_MODULES = YES;
				CLANG_ENABLE_OBJC_ARC = YES;
				CLANG_ENABLE_OBJC_WEAK = YES;
				CLANG_WARN_BLOCK_CAPTURE_AUTORELEASING = YES;
				CLANG_WARN_BOOL_CONVERSION = YES;
				CLANG_WARN_COMMA = YES;
				CLANG_WARN_CONSTANT_CONVERSION = YES;
				CLANG_WARN_DEPRECATED_OBJC_IMPLEMENTATIONS = YES;
				CLANG_WARN_DIRECT_OBJC_ISA_USAGE = YES_ERROR;
				CLANG_WARN_DOCUMENTATION_COMMENTS = YES;
				CLANG_WARN_EMPTY_BODY = YES;
				CLANG_WARN_ENUM_CONVERSION = YES;
				CLANG_WARN_INFINITE_RECURSION = YES;
				CLANG_WARN_INT_CONVERSION = YES;
				CLANG_WARN_NON_LITERAL_NULL_CONVERSION = YES;
				CLANG_WARN_OBJC_IMPLICIT_RETAIN_SELF = YES;
				CLANG_WARN_OBJC_LITERAL_CONVERSION = YES;
				CLANG_WARN_OBJC_ROOT_CLASS = YES_ERROR;
				CLANG_WARN_RANGE_LOOP_ANALYSIS = YES;
				CLANG_WARN_STRICT_PROTOTYPES = YES;
				CLANG_WARN_SUSPICIOUS_MOVE = YES;
				CLANG_WARN_UNGUARDED_AVAILABILITY = YES_AGGRESSIVE;
				CLANG_WARN_UNREACHABLE_CODE = YES;
				CLANG_WARN__DUPLICATE_METHOD_MATCH = YES;
				COPY_PHASE_STRIP = NO;
				DEBUG_INFORMATION_FORMAT = "dwarf-with-dsym";
				ENABLE_NS_ASSERTIONS = NO;
				ENABLE_STRICT_OBJC_MSGSEND = YES;
				GCC_C_LANGUAGE_STANDARD = gnu11;
				GCC_NO_COMMON_BLOCKS = YES;
				GCC_WARN_64_TO_32_BIT_CONVERSION = YES;
				GCC_WARN_ABOUT_RETURN_TYPE = YES_ERROR;
				GCC_WARN_UNDECLARED_SELECTOR = YES;
				GCC_WARN_UNINITIALIZED_AUTOS = YES_AGGRESSIVE;
				GCC_WARN_UNUSED_FUNCTION = YES;
				GCC_WARN_UNUSED_VARIABLE = YES;
				IPHONEOS_DEPLOYMENT_TARGET = 13.1;
				MTL_ENABLE_DEBUG_INFO = NO;
				MTL_FAST_MATH = YES;
				SDKROOT = iphoneos;
				VALIDATE_PRODUCT = YES;
			};
			name = Release;
		};
		17722FD12404A78500CEC436 /* Debug */ = {
			isa = XCBuildConfiguration;
			buildSettings = {
				ASSETCATALOG_COMPILER_APPICON_NAME = AppIcon;
				CODE_SIGN_STYLE = Automatic;
				DEVELOPMENT_TEAM = 9RWES6K38C;
				INFOPLIST_FILE = ZHTableViewGroupExample/Info.plist;
				LD_RUNPATH_SEARCH_PATHS = (
					"$(inherited)",
					"@executable_path/Frameworks",
				);
				PRODUCT_BUNDLE_IDENTIFIER = com.globalegrow.ZHTableViewGroupExample;
				PRODUCT_NAME = "$(TARGET_NAME)";
				TARGETED_DEVICE_FAMILY = "1,2";
			};
			name = Debug;
		};
		17722FD22404A78500CEC436 /* Release */ = {
			isa = XCBuildConfiguration;
			buildSettings = {
				ASSETCATALOG_COMPILER_APPICON_NAME = AppIcon;
				CODE_SIGN_STYLE = Automatic;
				DEVELOPMENT_TEAM = 9RWES6K38C;
				INFOPLIST_FILE = ZHTableViewGroupExample/Info.plist;
				LD_RUNPATH_SEARCH_PATHS = (
					"$(inherited)",
					"@executable_path/Frameworks",
				);
				PRODUCT_BUNDLE_IDENTIFIER = com.globalegrow.ZHTableViewGroupExample;
				PRODUCT_NAME = "$(TARGET_NAME)";
				TARGETED_DEVICE_FAMILY = "1,2";
			};
			name = Release;
		};
		17722FE22404A7D300CEC436 /* Debug */ = {
			isa = XCBuildConfiguration;
			buildSettings = {
				CODE_SIGN_STYLE = Automatic;
				CURRENT_PROJECT_VERSION = 1;
				DEFINES_MODULE = YES;
				DEVELOPMENT_TEAM = 9RWES6K38C;
				DYLIB_COMPATIBILITY_VERSION = 1;
				DYLIB_CURRENT_VERSION = 1;
				DYLIB_INSTALL_NAME_BASE = "@rpath";
				INFOPLIST_FILE = ZHTableViewGroupObjc/Info.plist;
				INSTALL_PATH = "$(LOCAL_LIBRARY_DIR)/Frameworks";
				IPHONEOS_DEPLOYMENT_TARGET = 9.0;
				LD_RUNPATH_SEARCH_PATHS = (
					"$(inherited)",
					"@executable_path/Frameworks",
					"@loader_path/Frameworks",
				);
				PRODUCT_BUNDLE_IDENTIFIER = com.globalegrow.ZHTableViewGroupObjc;
				PRODUCT_NAME = "$(TARGET_NAME:c99extidentifier)";
				SKIP_INSTALL = YES;
				SUPPORTS_MACCATALYST = NO;
				TARGETED_DEVICE_FAMILY = "1,2";
				VERSIONING_SYSTEM = "apple-generic";
				VERSION_INFO_PREFIX = "";
			};
			name = Debug;
		};
		17722FE32404A7D300CEC436 /* Release */ = {
			isa = XCBuildConfiguration;
			buildSettings = {
				CODE_SIGN_STYLE = Automatic;
				CURRENT_PROJECT_VERSION = 1;
				DEFINES_MODULE = YES;
				DEVELOPMENT_TEAM = 9RWES6K38C;
				DYLIB_COMPATIBILITY_VERSION = 1;
				DYLIB_CURRENT_VERSION = 1;
				DYLIB_INSTALL_NAME_BASE = "@rpath";
				INFOPLIST_FILE = ZHTableViewGroupObjc/Info.plist;
				INSTALL_PATH = "$(LOCAL_LIBRARY_DIR)/Frameworks";
				IPHONEOS_DEPLOYMENT_TARGET = 9.0;
				LD_RUNPATH_SEARCH_PATHS = (
					"$(inherited)",
					"@executable_path/Frameworks",
					"@loader_path/Frameworks",
				);
				PRODUCT_BUNDLE_IDENTIFIER = com.globalegrow.ZHTableViewGroupObjc;
				PRODUCT_NAME = "$(TARGET_NAME:c99extidentifier)";
				SKIP_INSTALL = YES;
				SUPPORTS_MACCATALYST = NO;
				TARGETED_DEVICE_FAMILY = "1,2";
				VERSIONING_SYSTEM = "apple-generic";
				VERSION_INFO_PREFIX = "";
			};
			name = Release;
		};
/* End XCBuildConfiguration section */

/* Begin XCConfigurationList section */
		17722FB22404A78200CEC436 /* Build configuration list for PBXProject "ZHTableViewGroupExample" */ = {
			isa = XCConfigurationList;
			buildConfigurations = (
				17722FCE2404A78500CEC436 /* Debug */,
				17722FCF2404A78500CEC436 /* Release */,
			);
			defaultConfigurationIsVisible = 0;
			defaultConfigurationName = Release;
		};
		17722FD02404A78500CEC436 /* Build configuration list for PBXNativeTarget "ZHTableViewGroupExample" */ = {
			isa = XCConfigurationList;
			buildConfigurations = (
				17722FD12404A78500CEC436 /* Debug */,
				17722FD22404A78500CEC436 /* Release */,
			);
			defaultConfigurationIsVisible = 0;
			defaultConfigurationName = Release;
		};
		17722FE12404A7D300CEC436 /* Build configuration list for PBXNativeTarget "ZHTableViewGroupObjc" */ = {
			isa = XCConfigurationList;
			buildConfigurations = (
				17722FE22404A7D300CEC436 /* Debug */,
				17722FE32404A7D300CEC436 /* Release */,
			);
			defaultConfigurationIsVisible = 0;
			defaultConfigurationName = Release;
		};
/* End XCConfigurationList section */
	};
	rootObject = 17722FAF2404A78200CEC436 /* Project object */;
}
