// !$*UTF8*$!
{
	archiveVersion = 1;
	classes = {
	};
	objectVersion = 46;
	objects = {

/* Begin PBXBuildFile section */
		5D6559441D8900B5004023D8 /* main.m in Sources */ = {isa = PBXBuildFile; fileRef = 5D6559431D8900B5004023D8 /* main.m */; };
		5D6559471D8900B5004023D8 /* AppDelegate.m in Sources */ = {isa = PBXBuildFile; fileRef = 5D6559461D8900B5004023D8 /* AppDelegate.m */; };
		5D65594F1D8900B5004023D8 /* Assets.xcassets in Resources */ = {isa = PBXBuildFile; fileRef = 5D65594E1D8900B5004023D8 /* Assets.xcassets */; };
		5D6559521D8900B5004023D8 /* LaunchScreen.storyboard in Resources */ = {isa = PBXBuildFile; fileRef = 5D6559501D8900B5004023D8 /* LaunchScreen.storyboard */; };
/* End PBXBuildFile section */

/* Begin PBXFileReference section */
		5D65593F1D8900B5004023D8 /* ZHTableViewGroup.app */ = {isa = PBXFileReference; explicitFileType = wrapper.application; includeInIndex = 0; path = ZHTableViewGroup.app; sourceTree = BUILT_PRODUCTS_DIR; };
		5D6559431D8900B5004023D8 /* main.m */ = {isa = PBXFileReference; lastKnownFileType = sourcecode.c.objc; path = main.m; sourceTree = "<group>"; };
		5D6559451D8900B5004023D8 /* AppDelegate.h */ = {isa = PBXFileReference; lastKnownFileType = sourcecode.c.h; path = AppDelegate.h; sourceTree = "<group>"; };
		5D6559461D8900B5004023D8 /* AppDelegate.m */ = {isa = PBXFileReference; lastKnownFileType = sourcecode.c.objc; path = AppDelegate.m; sourceTree = "<group>"; };
		5D65594E1D8900B5004023D8 /* Assets.xcassets */ = {isa = PBXFileReference; lastKnownFileType = folder.assetcatalog; path = Assets.xcassets; sourceTree = "<group>"; };
		5D6559511D8900B5004023D8 /* Base */ = {isa = PBXFileReference; lastKnownFileType = file.storyboard; name = Base; path = Base.lproj/LaunchScreen.storyboard; sourceTree = "<group>"; };
		5D6559531D8900B5004023D8 /* Info.plist */ = {isa = PBXFileReference; lastKnownFileType = text.plist.xml; path = Info.plist; sourceTree = "<group>"; };
/* End PBXFileReference section */

/* Begin PBXFrameworksBuildPhase section */
		5D65593C1D8900B5004023D8 /* Frameworks */ = {
			isa = PBXFrameworksBuildPhase;
			buildActionMask = 2147483647;
			files = (
			);
			runOnlyForDeploymentPostprocessing = 0;
		};
/* End PBXFrameworksBuildPhase section */

/* Begin PBXGroup section */
		5D6559361D8900B5004023D8 = {
			isa = PBXGroup;
			children = (
				5D6559411D8900B5004023D8 /* ZHTableViewGroup */,
				5D6559401D8900B5004023D8 /* Products */,
			);
			sourceTree = "<group>";
		};
		5D6559401D8900B5004023D8 /* Products */ = {
			isa = PBXGroup;
			children = (
				5D65593F1D8900B5004023D8 /* ZHTableViewGroup.app */,
			);
			name = Products;
			sourceTree = "<group>";
		};
		5D6559411D8900B5004023D8 /* ZHTableViewGroup */ = {
			isa = PBXGroup;
			children = (
				5D6559451D8900B5004023D8 /* AppDelegate.h */,
				5D6559461D8900B5004023D8 /* AppDelegate.m */,
				5D65594E1D8900B5004023D8 /* Assets.xcassets */,
				5D6559501D8900B5004023D8 /* LaunchScreen.storyboard */,
				5D6559531D8900B5004023D8 /* Info.plist */,
				5D6559421D8900B5004023D8 /* Supporting Files */,
			);
			path = ZHTableViewGroup;
			sourceTree = "<group>";
		};
		5D6559421D8900B5004023D8 /* Supporting Files */ = {
			isa = PBXGroup;
			children = (
				5D6559431D8900B5004023D8 /* main.m */,
			);
			name = "Supporting Files";
			sourceTree = "<group>";
		};
/* End PBXGroup section */

/* Begin PBXNativeTarget section */
		5D65593E1D8900B5004023D8 /* ZHTableViewGroup */ = {
			isa = PBXNativeTarget;
			buildConfigurationList = 5D6559561D8900B5004023D8 /* Build configuration list for PBXNativeTarget "ZHTableViewGroup" */;
			buildPhases = (
				5D65593B1D8900B5004023D8 /* Sources */,
				5D65593C1D8900B5004023D8 /* Frameworks */,
				5D65593D1D8900B5004023D8 /* Resources */,
			);
			buildRules = (
			);
			dependencies = (
			);
			name = ZHTableViewGroup;
			productName = ZHTableViewGroup;
			productReference = 5D65593F1D8900B5004023D8 /* ZHTableViewGroup.app */;
			productType = "com.apple.product-type.application";
		};
/* End PBXNativeTarget section */

/* Begin PBXProject section */
		5D6559371D8900B5004023D8 /* Project object */ = {
			isa = PBXProject;
			attributes = {
				LastUpgradeCheck = 0730;
				ORGANIZATIONNAME = "张行";
				TargetAttributes = {
					5D65593E1D8900B5004023D8 = {
						CreatedOnToolsVersion = 7.3.1;
					};
				};
			};
			buildConfigurationList = 5D65593A1D8900B5004023D8 /* Build configuration list for PBXProject "ZHTableViewGroup" */;
			compatibilityVersion = "Xcode 3.2";
			developmentRegion = English;
			hasScannedForEncodings = 0;
			knownRegions = (
				en,
				Base,
			);
			mainGroup = 5D6559361D8900B5004023D8;
			productRefGroup = 5D6559401D8900B5004023D8 /* Products */;
			projectDirPath = "";
			projectRoot = "";
			targets = (
				5D65593E1D8900B5004023D8 /* ZHTableViewGroup */,
			);
		};
/* End PBXProject section */

/* Begin PBXResourcesBuildPhase section */
		5D65593D1D8900B5004023D8 /* Resources */ = {
			isa = PBXResourcesBuildPhase;
			buildActionMask = 2147483647;
			files = (
				5D6559521D8900B5004023D8 /* LaunchScreen.storyboard in Resources */,
				5D65594F1D8900B5004023D8 /* Assets.xcassets in Resources */,
			);
			runOnlyForDeploymentPostprocessing = 0;
		};
/* End PBXResourcesBuildPhase section */

/* Begin PBXSourcesBuildPhase section */
		5D65593B1D8900B5004023D8 /* Sources */ = {
			isa = PBXSourcesBuildPhase;
			buildActionMask = 2147483647;
			files = (
				5D6559471D8900B5004023D8 /* AppDelegate.m in Sources */,
				5D6559441D8900B5004023D8 /* main.m in Sources */,
			);
			runOnlyForDeploymentPostprocessing = 0;
		};
/* End PBXSourcesBuildPhase section */

/* Begin PBXVariantGroup section */
		5D6559501D8900B5004023D8 /* LaunchScreen.storyboard */ = {
			isa = PBXVariantGroup;
			children = (
				5D6559511D8900B5004023D8 /* Base */,
			);
			name = LaunchScreen.storyboard;
			sourceTree = "<group>";
		};
/* End PBXVariantGroup section */

/* Begin XCBuildConfiguration section */
		5D6559541D8900B5004023D8 /* Debug */ = {
			isa = XCBuildConfiguration;
			buildSettings = {
				ALWAYS_SEARCH_USER_PATHS = NO;
				CLANG_ANALYZER_NONNULL = YES;
				CLANG_CXX_LANGUAGE_STANDARD = "gnu++0x";
				CLANG_CXX_LIBRARY = "libc++";
				CLANG_ENABLE_MODULES = YES;
				CLANG_ENABLE_OBJC_ARC = YES;
				CLANG_WARN_BOOL_CONVERSION = YES;
				CLANG_WARN_CONSTANT_CONVERSION = YES;
				CLANG_WARN_DIRECT_OBJC_ISA_USAGE = YES_ERROR;
				CLANG_WARN_EMPTY_BODY = YES;
				CLANG_WARN_ENUM_CONVERSION = YES;
				CLANG_WARN_INT_CONVERSION = YES;
				CLANG_WARN_OBJC_ROOT_CLASS = YES_ERROR;
				CLANG_WARN_UNREACHABLE_CODE = YES;
				CLANG_WARN__DUPLICATE_METHOD_MATCH = YES;
				"CODE_SIGN_IDENTITY[sdk=iphoneos*]" = "iPhone Developer";
				COPY_PHASE_STRIP = NO;
				DEBUG_INFORMATION_FORMAT = dwarf;
				ENABLE_STRICT_OBJC_MSGSEND = YES;
				ENABLE_TESTABILITY = YES;
				GCC_C_LANGUAGE_STANDARD = gnu99;
				GCC_DYNAMIC_NO_PIC = NO;
				GCC_NO_COMMON_BLOCKS = YES;
				GCC_OPTIMIZATION_LEVEL = 0;
				GCC_PREPROCESSOR_DEFINITIONS = (
					"DEBUG=1",
					"$(inherited)",
				);
				GCC_WARN_64_TO_32_BIT_CONVERSION = YES;
				GCC_WARN_ABOUT_RETURN_TYPE = YES_ERROR;
				GCC_WARN_UNDECLARED_SELECTOR = YES;
				GCC_WARN_UNINITIALIZED_AUTOS = YES_AGGRESSIVE;
				GCC_WARN_UNUSED_FUNCTION = YES;
				GCC_WARN_UNUSED_VARIABLE = YES;
				IPHONEOS_DEPLOYMENT_TARGET = 9.3;
				MTL_ENABLE_DEBUG_INFO = YES;
				ONLY_ACTIVE_ARCH = YES;
				SDKROOT = iphoneos;
			};
			name = Debug;
		};
		5D6559551D8900B5004023D8 /* Release */ = {
			isa = XCBuildConfiguration;
			buildSettings = {
				ALWAYS_SEARCH_USER_PATHS = NO;
				CLANG_ANALYZER_NONNULL = YES;
				CLANG_CXX_LANGUAGE_STANDARD = "gnu++0x";
				CLANG_CXX_LIBRARY = "libc++";
				CLANG_ENABLE_MODULES = YES;
				CLANG_ENABLE_OBJC_ARC = YES;
				CLANG_WARN_BOOL_CONVERSION = YES;
				CLANG_WARN_CONSTANT_CONVERSION = YES;
				CLANG_WARN_DIRECT_OBJC_ISA_USAGE = YES_ERROR;
				CLANG_WARN_EMPTY_BODY = YES;
				CLANG_WARN_ENUM_CONVERSION = YES;
				CLANG_WARN_INT_CONVERSION = YES;
				CLANG_WARN_OBJC_ROOT_CLASS = YES_ERROR;
				CLANG_WARN_UNREACHABLE_CODE = YES;
				CLANG_WARN__DUPLICATE_METHOD_MATCH = YES;
				"CODE_SIGN_IDENTITY[sdk=iphoneos*]" = "iPhone Developer";
				COPY_PHASE_STRIP = NO;
				DEBUG_INFORMATION_FORMAT = "dwarf-with-dsym";
				ENABLE_NS_ASSERTIONS = NO;
				ENABLE_STRICT_OBJC_MSGSEND = YES;
				GCC_C_LANGUAGE_STANDARD = gnu99;
				GCC_NO_COMMON_BLOCKS = YES;
				GCC_WARN_64_TO_32_BIT_CONVERSION = YES;
				GCC_WARN_ABOUT_RETURN_TYPE = YES_ERROR;
				GCC_WARN_UNDECLARED_SELECTOR = YES;
				GCC_WARN_UNINITIALIZED_AUTOS = YES_AGGRESSIVE;
				GCC_WARN_UNUSED_FUNCTION = YES;
				GCC_WARN_UNUSED_VARIABLE = YES;
				IPHONEOS_DEPLOYMENT_TARGET = 9.3;
				MTL_ENABLE_DEBUG_INFO = NO;
				SDKROOT = iphoneos;
				VALIDATE_PRODUCT = YES;
			};
			name = Release;
		};
		5D6559571D8900B5004023D8 /* Debug */ = {
			isa = XCBuildConfiguration;
			buildSettings = {
				ASSETCATALOG_COMPILER_APPICON_NAME = AppIcon;
				INFOPLIST_FILE = ZHTableViewGroup/Info.plist;
				IPHONEOS_DEPLOYMENT_TARGET = 7.0;
				LD_RUNPATH_SEARCH_PATHS = "$(inherited) @executable_path/Frameworks";
				PRODUCT_BUNDLE_IDENTIFIER = com.zhanghang.ZHTableViewGroup;
				PRODUCT_NAME = "$(TARGET_NAME)";
			};
			name = Debug;
		};
		5D6559581D8900B5004023D8 /* Release */ = {
			isa = XCBuildConfiguration;
			buildSettings = {
				ASSETCATALOG_COMPILER_APPICON_NAME = AppIcon;
				INFOPLIST_FILE = ZHTableViewGroup/Info.plist;
				IPHONEOS_DEPLOYMENT_TARGET = 7.0;
				LD_RUNPATH_SEARCH_PATHS = "$(inherited) @executable_path/Frameworks";
				PRODUCT_BUNDLE_IDENTIFIER = com.zhanghang.ZHTableViewGroup;
				PRODUCT_NAME = "$(TARGET_NAME)";
			};
			name = Release;
		};
/* End XCBuildConfiguration section */

/* Begin XCConfigurationList section */
		5D65593A1D8900B5004023D8 /* Build configuration list for PBXProject "ZHTableViewGroup" */ = {
			isa = XCConfigurationList;
			buildConfigurations = (
				5D6559541D8900B5004023D8 /* Debug */,
				5D6559551D8900B5004023D8 /* Release */,
			);
			defaultConfigurationIsVisible = 0;
			defaultConfigurationName = Release;
		};
		5D6559561D8900B5004023D8 /* Build configuration list for PBXNativeTarget "ZHTableViewGroup" */ = {
			isa = XCConfigurationList;
			buildConfigurations = (
				5D6559571D8900B5004023D8 /* Debug */,
				5D6559581D8900B5004023D8 /* Release */,
			);
			defaultConfigurationIsVisible = 0;
		};
/* End XCConfigurationList section */
	};
	rootObject = 5D6559371D8900B5004023D8 /* Project object */;
}
