// !$*UTF8*$!
{
	archiveVersion = 1;
	classes = {
	};
	objectVersion = 46;
	objects = {

/* Begin PBXBuildFile section */
		49A3E2ABDEBD5DA77D02ED2A /* Pods_ZHTableViewGroup_Example.framework in Frameworks */ = {isa = PBXBuildFile; fileRef = ACD2ED0C6DB511E4A11C24DE /* Pods_ZHTableViewGroup_Example.framework */; };
		5D0692F31E7F6061008BC142 /* ZHTableViewGroupObjc.podspec in Resources */ = {isa = PBXBuildFile; fileRef = 5D0692F21E7F6061008BC142 /* ZHTableViewGroupObjc.podspec */; };
		5D5C59431EC468A800CA883D /* ZHTableViewGroup_ExampleTests.m in Sources */ = {isa = PBXBuildFile; fileRef = 5D5C59421EC468A800CA883D /* ZHTableViewGroup_ExampleTests.m */; };
		5D5C59511EC468B400CA883D /* ZHTableViewGroup_ExampleUITests.m in Sources */ = {isa = PBXBuildFile; fileRef = 5D5C59501EC468B400CA883D /* ZHTableViewGroup_ExampleUITests.m */; };
		5D9BCC821E7D2872001BD760 /* ZHBaseTableViewCell.m in Sources */ = {isa = PBXBuildFile; fileRef = 5D9BCC811E7D2872001BD760 /* ZHBaseTableViewCell.m */; };
		5D9BCC851E7D2AB0001BD760 /* ZHCellOneTableViewCell.m in Sources */ = {isa = PBXBuildFile; fileRef = 5D9BCC841E7D2AB0001BD760 /* ZHCellOneTableViewCell.m */; };
		5D9BCC881E7D2B09001BD760 /* ZHCellTwoTableViewCell.m in Sources */ = {isa = PBXBuildFile; fileRef = 5D9BCC871E7D2B09001BD760 /* ZHCellTwoTableViewCell.m */; };
		5D9BCC8B1E7D2B3F001BD760 /* ZHOtherTableViewCell.m in Sources */ = {isa = PBXBuildFile; fileRef = 5D9BCC8A1E7D2B3F001BD760 /* ZHOtherTableViewCell.m */; };
		5D9BCC8E1E7D2FA5001BD760 /* ListCellViewController.m in Sources */ = {isa = PBXBuildFile; fileRef = 5D9BCC8D1E7D2FA5001BD760 /* ListCellViewController.m */; };
		5DC98ED320858A15009AE998 /* ZHCollectionViewBaseModel.h in Headers */ = {isa = PBXBuildFile; fileRef = 5DC98EBB20858A13009AE998 /* ZHCollectionViewBaseModel.h */; settings = {ATTRIBUTES = (Public, ); }; };
		5DC98ED420858A15009AE998 /* ZHCollectionViewCell.h in Headers */ = {isa = PBXBuildFile; fileRef = 5DC98EBC20858A13009AE998 /* ZHCollectionViewCell.h */; settings = {ATTRIBUTES = (Public, ); }; };
		5DC98ED520858A15009AE998 /* ZHAutoConfigurationTableViewDelegate.m in Sources */ = {isa = PBXBuildFile; fileRef = 5DC98EBD20858A13009AE998 /* ZHAutoConfigurationTableViewDelegate.m */; };
		5DC98ED620858A15009AE998 /* ZHCollectionViewHeaderFooter.m in Sources */ = {isa = PBXBuildFile; fileRef = 5DC98EBE20858A13009AE998 /* ZHCollectionViewHeaderFooter.m */; };
		5DC98ED720858A15009AE998 /* ZHAutoConfigurationCollectionViewDelegate.m in Sources */ = {isa = PBXBuildFile; fileRef = 5DC98EBF20858A13009AE998 /* ZHAutoConfigurationCollectionViewDelegate.m */; };
		5DC98ED820858A15009AE998 /* ZHTableViewHeaderFooter.h in Headers */ = {isa = PBXBuildFile; fileRef = 5DC98EC020858A13009AE998 /* ZHTableViewHeaderFooter.h */; settings = {ATTRIBUTES = (Public, ); }; };
		5DC98ED920858A15009AE998 /* ZHTableViewCell.m in Sources */ = {isa = PBXBuildFile; fileRef = 5DC98EC120858A13009AE998 /* ZHTableViewCell.m */; };
		5DC98EDA20858A15009AE998 /* ZHTableViewDataSource.m in Sources */ = {isa = PBXBuildFile; fileRef = 5DC98EC220858A13009AE998 /* ZHTableViewDataSource.m */; };
		5DC98EDB20858A15009AE998 /* ZHAutoConfigurationCollectionViewDelegate.h in Headers */ = {isa = PBXBuildFile; fileRef = 5DC98EC320858A13009AE998 /* ZHAutoConfigurationCollectionViewDelegate.h */; settings = {ATTRIBUTES = (Public, ); }; };
		5DC98EDC20858A15009AE998 /* ZHTableViewGroup.m in Sources */ = {isa = PBXBuildFile; fileRef = 5DC98EC420858A14009AE998 /* ZHTableViewGroup.m */; };
		5DC98EDD20858A15009AE998 /* ZHCollectionViewDataSource.h in Headers */ = {isa = PBXBuildFile; fileRef = 5DC98EC520858A14009AE998 /* ZHCollectionViewDataSource.h */; settings = {ATTRIBUTES = (Public, ); }; };
		5DC98EDE20858A15009AE998 /* ZHTableViewGroup.h in Headers */ = {isa = PBXBuildFile; fileRef = 5DC98EC620858A14009AE998 /* ZHTableViewGroup.h */; settings = {ATTRIBUTES = (Public, ); }; };
		5DC98EDF20858A15009AE998 /* ZHCollectionViewBaseModel.m in Sources */ = {isa = PBXBuildFile; fileRef = 5DC98EC720858A14009AE998 /* ZHCollectionViewBaseModel.m */; };
		5DC98EE020858A15009AE998 /* ZHTableViewBaseModel.h in Headers */ = {isa = PBXBuildFile; fileRef = 5DC98EC820858A14009AE998 /* ZHTableViewBaseModel.h */; settings = {ATTRIBUTES = (Public, ); }; };
		5DC98EE120858A15009AE998 /* ZHTableViewDataSource.h in Headers */ = {isa = PBXBuildFile; fileRef = 5DC98EC920858A14009AE998 /* ZHTableViewDataSource.h */; settings = {ATTRIBUTES = (Public, ); }; };
		5DC98EE220858A15009AE998 /* ZHCollectionViewHeaderFooter.h in Headers */ = {isa = PBXBuildFile; fileRef = 5DC98ECA20858A14009AE998 /* ZHCollectionViewHeaderFooter.h */; settings = {ATTRIBUTES = (Public, ); }; };
		5DC98EE320858A15009AE998 /* ZHCollectionViewGroup.h in Headers */ = {isa = PBXBuildFile; fileRef = 5DC98ECB20858A14009AE998 /* ZHCollectionViewGroup.h */; settings = {ATTRIBUTES = (Public, ); }; };
		5DC98EE420858A15009AE998 /* ZHTableViewCell.h in Headers */ = {isa = PBXBuildFile; fileRef = 5DC98ECC20858A14009AE998 /* ZHTableViewCell.h */; settings = {ATTRIBUTES = (Public, ); }; };
		5DC98EE520858A15009AE998 /* ZHTableViewBaseModel.m in Sources */ = {isa = PBXBuildFile; fileRef = 5DC98ECD20858A14009AE998 /* ZHTableViewBaseModel.m */; };
		5DC98EE620858A15009AE998 /* ZHCollectionViewDataSource.m in Sources */ = {isa = PBXBuildFile; fileRef = 5DC98ECE20858A15009AE998 /* ZHCollectionViewDataSource.m */; };
		5DC98EE720858A15009AE998 /* ZHAutoConfigurationTableViewDelegate.h in Headers */ = {isa = PBXBuildFile; fileRef = 5DC98ECF20858A15009AE998 /* ZHAutoConfigurationTableViewDelegate.h */; settings = {ATTRIBUTES = (Public, ); }; };
		5DC98EE820858A15009AE998 /* ZHCollectionViewCell.m in Sources */ = {isa = PBXBuildFile; fileRef = 5DC98ED020858A15009AE998 /* ZHCollectionViewCell.m */; };
		5DC98EE920858A15009AE998 /* ZHTableViewHeaderFooter.m in Sources */ = {isa = PBXBuildFile; fileRef = 5DC98ED120858A15009AE998 /* ZHTableViewHeaderFooter.m */; };
		5DC98EEA20858A15009AE998 /* ZHCollectionViewGroup.m in Sources */ = {isa = PBXBuildFile; fileRef = 5DC98ED220858A15009AE998 /* ZHCollectionViewGroup.m */; };
		5DC98EEB20858A54009AE998 /* UIKit.framework in Frameworks */ = {isa = PBXBuildFile; fileRef = 6003F591195388D20070C39A /* UIKit.framework */; };
		5DC98EF320859960009AE998 /* ZHTableViewGroupHeader.h in Headers */ = {isa = PBXBuildFile; fileRef = 5DC98EF220859960009AE998 /* ZHTableViewGroupHeader.h */; settings = {ATTRIBUTES = (Public, ); }; };
		6003F58E195388D20070C39A /* Foundation.framework in Frameworks */ = {isa = PBXBuildFile; fileRef = 6003F58D195388D20070C39A /* Foundation.framework */; };
		6003F590195388D20070C39A /* CoreGraphics.framework in Frameworks */ = {isa = PBXBuildFile; fileRef = 6003F58F195388D20070C39A /* CoreGraphics.framework */; };
		6003F592195388D20070C39A /* UIKit.framework in Frameworks */ = {isa = PBXBuildFile; fileRef = 6003F591195388D20070C39A /* UIKit.framework */; };
		6003F598195388D20070C39A /* InfoPlist.strings in Resources */ = {isa = PBXBuildFile; fileRef = 6003F596195388D20070C39A /* InfoPlist.strings */; };
		6003F59A195388D20070C39A /* main.m in Sources */ = {isa = PBXBuildFile; fileRef = 6003F599195388D20070C39A /* main.m */; };
		6003F59E195388D20070C39A /* ZHAppDelegate.m in Sources */ = {isa = PBXBuildFile; fileRef = 6003F59D195388D20070C39A /* ZHAppDelegate.m */; };
		6003F5A7195388D20070C39A /* ZHViewController.m in Sources */ = {isa = PBXBuildFile; fileRef = 6003F5A6195388D20070C39A /* ZHViewController.m */; };
		6003F5A9195388D20070C39A /* Images.xcassets in Resources */ = {isa = PBXBuildFile; fileRef = 6003F5A8195388D20070C39A /* Images.xcassets */; };
		71719F9F1E33DC2100824A3D /* LaunchScreen.storyboard in Resources */ = {isa = PBXBuildFile; fileRef = 71719F9D1E33DC2100824A3D /* LaunchScreen.storyboard */; };
		873B8AEB1B1F5CCA007FD442 /* Main.storyboard in Resources */ = {isa = PBXBuildFile; fileRef = 873B8AEA1B1F5CCA007FD442 /* Main.storyboard */; };
/* End PBXBuildFile section */

/* Begin PBXContainerItemProxy section */
		5D5C59451EC468A800CA883D /* PBXContainerItemProxy */ = {
			isa = PBXContainerItemProxy;
			containerPortal = 6003F582195388D10070C39A /* Project object */;
			proxyType = 1;
			remoteGlobalIDString = 6003F589195388D20070C39A;
			remoteInfo = ZHTableViewGroup_Example;
		};
		5D5C59531EC468B400CA883D /* PBXContainerItemProxy */ = {
			isa = PBXContainerItemProxy;
			containerPortal = 6003F582195388D10070C39A /* Project object */;
			proxyType = 1;
			remoteGlobalIDString = 6003F589195388D20070C39A;
			remoteInfo = ZHTableViewGroup_Example;
		};
/* End PBXContainerItemProxy section */

/* Begin PBXFileReference section */
		07436A433659DFAD7A803F1A /* Pods_ZHTableViewGroup_Tests.framework */ = {isa = PBXFileReference; explicitFileType = wrapper.framework; includeInIndex = 0; path = Pods_ZHTableViewGroup_Tests.framework; sourceTree = BUILT_PRODUCTS_DIR; };
		0A4CD91F48BA10BBFFB3CD84 /* Pods-ZHTableViewGroup_Tests.release.xcconfig */ = {isa = PBXFileReference; includeInIndex = 1; lastKnownFileType = text.xcconfig; name = "Pods-ZHTableViewGroup_Tests.release.xcconfig"; path = "Pods/Target Support Files/Pods-ZHTableViewGroup_Tests/Pods-ZHTableViewGroup_Tests.release.xcconfig"; sourceTree = "<group>"; };
		5D0692F21E7F6061008BC142 /* ZHTableViewGroupObjc.podspec */ = {isa = PBXFileReference; fileEncoding = 4; lastKnownFileType = text; name = ZHTableViewGroupObjc.podspec; path = ../ZHTableViewGroupObjc.podspec; sourceTree = "<group>"; };
		5D5C59401EC468A800CA883D /* ZHTableViewGroup_ExampleTests.xctest */ = {isa = PBXFileReference; explicitFileType = wrapper.cfbundle; includeInIndex = 0; path = ZHTableViewGroup_ExampleTests.xctest; sourceTree = BUILT_PRODUCTS_DIR; };
		5D5C59421EC468A800CA883D /* ZHTableViewGroup_ExampleTests.m */ = {isa = PBXFileReference; lastKnownFileType = sourcecode.c.objc; path = ZHTableViewGroup_ExampleTests.m; sourceTree = "<group>"; };
		5D5C59441EC468A800CA883D /* Info.plist */ = {isa = PBXFileReference; lastKnownFileType = text.plist.xml; path = Info.plist; sourceTree = "<group>"; };
		5D5C594E1EC468B400CA883D /* ZHTableViewGroup_ExampleUITests.xctest */ = {isa = PBXFileReference; explicitFileType = wrapper.cfbundle; includeInIndex = 0; path = ZHTableViewGroup_ExampleUITests.xctest; sourceTree = BUILT_PRODUCTS_DIR; };
		5D5C59501EC468B400CA883D /* ZHTableViewGroup_ExampleUITests.m */ = {isa = PBXFileReference; lastKnownFileType = sourcecode.c.objc; path = ZHTableViewGroup_ExampleUITests.m; sourceTree = "<group>"; };
		5D5C59521EC468B400CA883D /* Info.plist */ = {isa = PBXFileReference; lastKnownFileType = text.plist.xml; path = Info.plist; sourceTree = "<group>"; };
		5D9BCC801E7D2872001BD760 /* ZHBaseTableViewCell.h */ = {isa = PBXFileReference; fileEncoding = 4; lastKnownFileType = sourcecode.c.h; path = ZHBaseTableViewCell.h; sourceTree = "<group>"; };
		5D9BCC811E7D2872001BD760 /* ZHBaseTableViewCell.m */ = {isa = PBXFileReference; fileEncoding = 4; lastKnownFileType = sourcecode.c.objc; path = ZHBaseTableViewCell.m; sourceTree = "<group>"; };
		5D9BCC831E7D2AB0001BD760 /* ZHCellOneTableViewCell.h */ = {isa = PBXFileReference; fileEncoding = 4; lastKnownFileType = sourcecode.c.h; path = ZHCellOneTableViewCell.h; sourceTree = "<group>"; };
		5D9BCC841E7D2AB0001BD760 /* ZHCellOneTableViewCell.m */ = {isa = PBXFileReference; fileEncoding = 4; lastKnownFileType = sourcecode.c.objc; path = ZHCellOneTableViewCell.m; sourceTree = "<group>"; };
		5D9BCC861E7D2B09001BD760 /* ZHCellTwoTableViewCell.h */ = {isa = PBXFileReference; fileEncoding = 4; lastKnownFileType = sourcecode.c.h; path = ZHCellTwoTableViewCell.h; sourceTree = "<group>"; };
		5D9BCC871E7D2B09001BD760 /* ZHCellTwoTableViewCell.m */ = {isa = PBXFileReference; fileEncoding = 4; lastKnownFileType = sourcecode.c.objc; path = ZHCellTwoTableViewCell.m; sourceTree = "<group>"; };
		5D9BCC891E7D2B3F001BD760 /* ZHOtherTableViewCell.h */ = {isa = PBXFileReference; fileEncoding = 4; lastKnownFileType = sourcecode.c.h; path = ZHOtherTableViewCell.h; sourceTree = "<group>"; };
		5D9BCC8A1E7D2B3F001BD760 /* ZHOtherTableViewCell.m */ = {isa = PBXFileReference; fileEncoding = 4; lastKnownFileType = sourcecode.c.objc; path = ZHOtherTableViewCell.m; sourceTree = "<group>"; };
		5D9BCC8C1E7D2FA5001BD760 /* ListCellViewController.h */ = {isa = PBXFileReference; fileEncoding = 4; lastKnownFileType = sourcecode.c.h; path = ListCellViewController.h; sourceTree = "<group>"; };
		5D9BCC8D1E7D2FA5001BD760 /* ListCellViewController.m */ = {isa = PBXFileReference; fileEncoding = 4; lastKnownFileType = sourcecode.c.objc; path = ListCellViewController.m; sourceTree = "<group>"; };
		5DC98EAE208589C9009AE998 /* ZHTableViewGroup.framework */ = {isa = PBXFileReference; explicitFileType = wrapper.framework; includeInIndex = 0; path = ZHTableViewGroup.framework; sourceTree = BUILT_PRODUCTS_DIR; };
		5DC98EB1208589C9009AE998 /* Info.plist */ = {isa = PBXFileReference; lastKnownFileType = text.plist.xml; path = Info.plist; sourceTree = "<group>"; };
		5DC98EBB20858A13009AE998 /* ZHCollectionViewBaseModel.h */ = {isa = PBXFileReference; fileEncoding = 4; lastKnownFileType = sourcecode.c.h; name = ZHCollectionViewBaseModel.h; path = ../../ZHTableViewGroup/Classes/ZHCollectionViewBaseModel.h; sourceTree = "<group>"; };
		5DC98EBC20858A13009AE998 /* ZHCollectionViewCell.h */ = {isa = PBXFileReference; fileEncoding = 4; lastKnownFileType = sourcecode.c.h; name = ZHCollectionViewCell.h; path = ../../ZHTableViewGroup/Classes/ZHCollectionViewCell.h; sourceTree = "<group>"; };
		5DC98EBD20858A13009AE998 /* ZHAutoConfigurationTableViewDelegate.m */ = {isa = PBXFileReference; fileEncoding = 4; lastKnownFileType = sourcecode.c.objc; name = ZHAutoConfigurationTableViewDelegate.m; path = ../../ZHTableViewGroup/Classes/ZHAutoConfigurationTableViewDelegate.m; sourceTree = "<group>"; };
		5DC98EBE20858A13009AE998 /* ZHCollectionViewHeaderFooter.m */ = {isa = PBXFileReference; fileEncoding = 4; lastKnownFileType = sourcecode.c.objc; name = ZHCollectionViewHeaderFooter.m; path = ../../ZHTableViewGroup/Classes/ZHCollectionViewHeaderFooter.m; sourceTree = "<group>"; };
		5DC98EBF20858A13009AE998 /* ZHAutoConfigurationCollectionViewDelegate.m */ = {isa = PBXFileReference; fileEncoding = 4; lastKnownFileType = sourcecode.c.objc; name = ZHAutoConfigurationCollectionViewDelegate.m; path = ../../ZHTableViewGroup/Classes/ZHAutoConfigurationCollectionViewDelegate.m; sourceTree = "<group>"; };
		5DC98EC020858A13009AE998 /* ZHTableViewHeaderFooter.h */ = {isa = PBXFileReference; fileEncoding = 4; lastKnownFileType = sourcecode.c.h; name = ZHTableViewHeaderFooter.h; path = ../../ZHTableViewGroup/Classes/ZHTableViewHeaderFooter.h; sourceTree = "<group>"; };
		5DC98EC120858A13009AE998 /* ZHTableViewCell.m */ = {isa = PBXFileReference; fileEncoding = 4; lastKnownFileType = sourcecode.c.objc; name = ZHTableViewCell.m; path = ../../ZHTableViewGroup/Classes/ZHTableViewCell.m; sourceTree = "<group>"; };
		5DC98EC220858A13009AE998 /* ZHTableViewDataSource.m */ = {isa = PBXFileReference; fileEncoding = 4; lastKnownFileType = sourcecode.c.objc; name = ZHTableViewDataSource.m; path = ../../ZHTableViewGroup/Classes/ZHTableViewDataSource.m; sourceTree = "<group>"; };
		5DC98EC320858A13009AE998 /* ZHAutoConfigurationCollectionViewDelegate.h */ = {isa = PBXFileReference; fileEncoding = 4; lastKnownFileType = sourcecode.c.h; name = ZHAutoConfigurationCollectionViewDelegate.h; path = ../../ZHTableViewGroup/Classes/ZHAutoConfigurationCollectionViewDelegate.h; sourceTree = "<group>"; };
		5DC98EC420858A14009AE998 /* ZHTableViewGroup.m */ = {isa = PBXFileReference; fileEncoding = 4; lastKnownFileType = sourcecode.c.objc; name = ZHTableViewGroup.m; path = ../../ZHTableViewGroup/Classes/ZHTableViewGroup.m; sourceTree = "<group>"; };
		5DC98EC520858A14009AE998 /* ZHCollectionViewDataSource.h */ = {isa = PBXFileReference; fileEncoding = 4; lastKnownFileType = sourcecode.c.h; name = ZHCollectionViewDataSource.h; path = ../../ZHTableViewGroup/Classes/ZHCollectionViewDataSource.h; sourceTree = "<group>"; };
		5DC98EC620858A14009AE998 /* ZHTableViewGroup.h */ = {isa = PBXFileReference; fileEncoding = 4; lastKnownFileType = sourcecode.c.h; name = ZHTableViewGroup.h; path = ../../ZHTableViewGroup/Classes/ZHTableViewGroup.h; sourceTree = "<group>"; };
		5DC98EC720858A14009AE998 /* ZHCollectionViewBaseModel.m */ = {isa = PBXFileReference; fileEncoding = 4; lastKnownFileType = sourcecode.c.objc; name = ZHCollectionViewBaseModel.m; path = ../../ZHTableViewGroup/Classes/ZHCollectionViewBaseModel.m; sourceTree = "<group>"; };
		5DC98EC820858A14009AE998 /* ZHTableViewBaseModel.h */ = {isa = PBXFileReference; fileEncoding = 4; lastKnownFileType = sourcecode.c.h; name = ZHTableViewBaseModel.h; path = ../../ZHTableViewGroup/Classes/ZHTableViewBaseModel.h; sourceTree = "<group>"; };
		5DC98EC920858A14009AE998 /* ZHTableViewDataSource.h */ = {isa = PBXFileReference; fileEncoding = 4; lastKnownFileType = sourcecode.c.h; name = ZHTableViewDataSource.h; path = ../../ZHTableViewGroup/Classes/ZHTableViewDataSource.h; sourceTree = "<group>"; };
		5DC98ECA20858A14009AE998 /* ZHCollectionViewHeaderFooter.h */ = {isa = PBXFileReference; fileEncoding = 4; lastKnownFileType = sourcecode.c.h; name = ZHCollectionViewHeaderFooter.h; path = ../../ZHTableViewGroup/Classes/ZHCollectionViewHeaderFooter.h; sourceTree = "<group>"; };
		5DC98ECB20858A14009AE998 /* ZHCollectionViewGroup.h */ = {isa = PBXFileReference; fileEncoding = 4; lastKnownFileType = sourcecode.c.h; name = ZHCollectionViewGroup.h; path = ../../ZHTableViewGroup/Classes/ZHCollectionViewGroup.h; sourceTree = "<group>"; };
		5DC98ECC20858A14009AE998 /* ZHTableViewCell.h */ = {isa = PBXFileReference; fileEncoding = 4; lastKnownFileType = sourcecode.c.h; name = ZHTableViewCell.h; path = ../../ZHTableViewGroup/Classes/ZHTableViewCell.h; sourceTree = "<group>"; };
		5DC98ECD20858A14009AE998 /* ZHTableViewBaseModel.m */ = {isa = PBXFileReference; fileEncoding = 4; lastKnownFileType = sourcecode.c.objc; name = ZHTableViewBaseModel.m; path = ../../ZHTableViewGroup/Classes/ZHTableViewBaseModel.m; sourceTree = "<group>"; };
		5DC98ECE20858A15009AE998 /* ZHCollectionViewDataSource.m */ = {isa = PBXFileReference; fileEncoding = 4; lastKnownFileType = sourcecode.c.objc; name = ZHCollectionViewDataSource.m; path = ../../ZHTableViewGroup/Classes/ZHCollectionViewDataSource.m; sourceTree = "<group>"; };
		5DC98ECF20858A15009AE998 /* ZHAutoConfigurationTableViewDelegate.h */ = {isa = PBXFileReference; fileEncoding = 4; lastKnownFileType = sourcecode.c.h; name = ZHAutoConfigurationTableViewDelegate.h; path = ../../ZHTableViewGroup/Classes/ZHAutoConfigurationTableViewDelegate.h; sourceTree = "<group>"; };
		5DC98ED020858A15009AE998 /* ZHCollectionViewCell.m */ = {isa = PBXFileReference; fileEncoding = 4; lastKnownFileType = sourcecode.c.objc; name = ZHCollectionViewCell.m; path = ../../ZHTableViewGroup/Classes/ZHCollectionViewCell.m; sourceTree = "<group>"; };
		5DC98ED120858A15009AE998 /* ZHTableViewHeaderFooter.m */ = {isa = PBXFileReference; fileEncoding = 4; lastKnownFileType = sourcecode.c.objc; name = ZHTableViewHeaderFooter.m; path = ../../ZHTableViewGroup/Classes/ZHTableViewHeaderFooter.m; sourceTree = "<group>"; };
		5DC98ED220858A15009AE998 /* ZHCollectionViewGroup.m */ = {isa = PBXFileReference; fileEncoding = 4; lastKnownFileType = sourcecode.c.objc; name = ZHCollectionViewGroup.m; path = ../../ZHTableViewGroup/Classes/ZHCollectionViewGroup.m; sourceTree = "<group>"; };
		5DC98EF220859960009AE998 /* ZHTableViewGroupHeader.h */ = {isa = PBXFileReference; fileEncoding = 4; lastKnownFileType = sourcecode.c.h; name = ZHTableViewGroupHeader.h; path = ../../ZHTableViewGroup/Classes/ZHTableViewGroupHeader.h; sourceTree = "<group>"; };
		6003F58A195388D20070C39A /* ZHTableViewGroup_Example.app */ = {isa = PBXFileReference; explicitFileType = wrapper.application; includeInIndex = 0; path = ZHTableViewGroup_Example.app; sourceTree = BUILT_PRODUCTS_DIR; };
		6003F58D195388D20070C39A /* Foundation.framework */ = {isa = PBXFileReference; lastKnownFileType = wrapper.framework; name = Foundation.framework; path = System/Library/Frameworks/Foundation.framework; sourceTree = SDKROOT; };
		6003F58F195388D20070C39A /* CoreGraphics.framework */ = {isa = PBXFileReference; lastKnownFileType = wrapper.framework; name = CoreGraphics.framework; path = System/Library/Frameworks/CoreGraphics.framework; sourceTree = SDKROOT; };
		6003F591195388D20070C39A /* UIKit.framework */ = {isa = PBXFileReference; lastKnownFileType = wrapper.framework; name = UIKit.framework; path = System/Library/Frameworks/UIKit.framework; sourceTree = SDKROOT; };
		6003F595195388D20070C39A /* ZHTableViewGroup-Info.plist */ = {isa = PBXFileReference; lastKnownFileType = text.plist.xml; path = "ZHTableViewGroup-Info.plist"; sourceTree = "<group>"; };
		6003F597195388D20070C39A /* en */ = {isa = PBXFileReference; lastKnownFileType = text.plist.strings; name = en; path = en.lproj/InfoPlist.strings; sourceTree = "<group>"; };
		6003F599195388D20070C39A /* main.m */ = {isa = PBXFileReference; lastKnownFileType = sourcecode.c.objc; path = main.m; sourceTree = "<group>"; };
		6003F59B195388D20070C39A /* ZHTableViewGroup-Prefix.pch */ = {isa = PBXFileReference; lastKnownFileType = sourcecode.c.h; path = "ZHTableViewGroup-Prefix.pch"; sourceTree = "<group>"; };
		6003F59C195388D20070C39A /* ZHAppDelegate.h */ = {isa = PBXFileReference; lastKnownFileType = sourcecode.c.h; path = ZHAppDelegate.h; sourceTree = "<group>"; };
		6003F59D195388D20070C39A /* ZHAppDelegate.m */ = {isa = PBXFileReference; lastKnownFileType = sourcecode.c.objc; path = ZHAppDelegate.m; sourceTree = "<group>"; };
		6003F5A5195388D20070C39A /* ZHViewController.h */ = {isa = PBXFileReference; lastKnownFileType = sourcecode.c.h; path = ZHViewController.h; sourceTree = "<group>"; };
		6003F5A6195388D20070C39A /* ZHViewController.m */ = {isa = PBXFileReference; lastKnownFileType = sourcecode.c.objc; path = ZHViewController.m; sourceTree = "<group>"; };
		6003F5A8195388D20070C39A /* Images.xcassets */ = {isa = PBXFileReference; lastKnownFileType = folder.assetcatalog; path = Images.xcassets; sourceTree = "<group>"; };
		6003F5AF195388D20070C39A /* XCTest.framework */ = {isa = PBXFileReference; lastKnownFileType = wrapper.framework; name = XCTest.framework; path = Library/Frameworks/XCTest.framework; sourceTree = DEVELOPER_DIR; };
		67A8FA6550F7D2AFCBA00DF5 /* Pods-ZHTableViewGroup_Example.release.xcconfig */ = {isa = PBXFileReference; includeInIndex = 1; lastKnownFileType = text.xcconfig; name = "Pods-ZHTableViewGroup_Example.release.xcconfig"; path = "Pods/Target Support Files/Pods-ZHTableViewGroup_Example/Pods-ZHTableViewGroup_Example.release.xcconfig"; sourceTree = "<group>"; };
		71719F9E1E33DC2100824A3D /* Base */ = {isa = PBXFileReference; lastKnownFileType = file.storyboard; name = Base; path = Base.lproj/LaunchScreen.storyboard; sourceTree = "<group>"; };
		79FC9CA70C15FE1C388D8A0E /* LICENSE */ = {isa = PBXFileReference; includeInIndex = 1; lastKnownFileType = text; name = LICENSE; path = ../LICENSE; sourceTree = "<group>"; };
		873B8AEA1B1F5CCA007FD442 /* Main.storyboard */ = {isa = PBXFileReference; fileEncoding = 4; lastKnownFileType = file.storyboard; name = Main.storyboard; path = Base.lproj/Main.storyboard; sourceTree = "<group>"; };
		ACD2ED0C6DB511E4A11C24DE /* Pods_ZHTableViewGroup_Example.framework */ = {isa = PBXFileReference; explicitFileType = wrapper.framework; includeInIndex = 0; path = Pods_ZHTableViewGroup_Example.framework; sourceTree = BUILT_PRODUCTS_DIR; };
		B555482AACCBEF69445B3DC5 /* Pods-ZHTableViewGroup_Example.debug.xcconfig */ = {isa = PBXFileReference; includeInIndex = 1; lastKnownFileType = text.xcconfig; name = "Pods-ZHTableViewGroup_Example.debug.xcconfig"; path = "Pods/Target Support Files/Pods-ZHTableViewGroup_Example/Pods-ZHTableViewGroup_Example.debug.xcconfig"; sourceTree = "<group>"; };
		D8B4600E00FBCC66C103D15D /* README.md */ = {isa = PBXFileReference; includeInIndex = 1; lastKnownFileType = net.daringfireball.markdown; name = README.md; path = ../README.md; sourceTree = "<group>"; };
		EE87CBEBBBA82FD7C2E15949 /* Pods-ZHTableViewGroup_Tests.debug.xcconfig */ = {isa = PBXFileReference; includeInIndex = 1; lastKnownFileType = text.xcconfig; name = "Pods-ZHTableViewGroup_Tests.debug.xcconfig"; path = "Pods/Target Support Files/Pods-ZHTableViewGroup_Tests/Pods-ZHTableViewGroup_Tests.debug.xcconfig"; sourceTree = "<group>"; };
/* End PBXFileReference section */

/* Begin PBXFrameworksBuildPhase section */
		5D5C593D1EC468A800CA883D /* Frameworks */ = {
			isa = PBXFrameworksBuildPhase;
			buildActionMask = 2147483647;
			files = (
			);
			runOnlyForDeploymentPostprocessing = 0;
		};
		5D5C594B1EC468B400CA883D /* Frameworks */ = {
			isa = PBXFrameworksBuildPhase;
			buildActionMask = 2147483647;
			files = (
			);
			runOnlyForDeploymentPostprocessing = 0;
		};
		5DC98EAA208589C9009AE998 /* Frameworks */ = {
			isa = PBXFrameworksBuildPhase;
			buildActionMask = 2147483647;
			files = (
				5DC98EEB20858A54009AE998 /* UIKit.framework in Frameworks */,
			);
			runOnlyForDeploymentPostprocessing = 0;
		};
		6003F587195388D20070C39A /* Frameworks */ = {
			isa = PBXFrameworksBuildPhase;
			buildActionMask = 2147483647;
			files = (
				6003F590195388D20070C39A /* CoreGraphics.framework in Frameworks */,
				6003F592195388D20070C39A /* UIKit.framework in Frameworks */,
				6003F58E195388D20070C39A /* Foundation.framework in Frameworks */,
				49A3E2ABDEBD5DA77D02ED2A /* Pods_ZHTableViewGroup_Example.framework in Frameworks */,
			);
			runOnlyForDeploymentPostprocessing = 0;
		};
/* End PBXFrameworksBuildPhase section */

/* Begin PBXGroup section */
		5D5C59411EC468A800CA883D /* ZHTableViewGroup_ExampleTests */ = {
			isa = PBXGroup;
			children = (
				5D5C59421EC468A800CA883D /* ZHTableViewGroup_ExampleTests.m */,
				5D5C59441EC468A800CA883D /* Info.plist */,
			);
			path = ZHTableViewGroup_ExampleTests;
			sourceTree = "<group>";
		};
		5D5C594F1EC468B400CA883D /* ZHTableViewGroup_ExampleUITests */ = {
			isa = PBXGroup;
			children = (
				5D5C59501EC468B400CA883D /* ZHTableViewGroup_ExampleUITests.m */,
				5D5C59521EC468B400CA883D /* Info.plist */,
			);
			path = ZHTableViewGroup_ExampleUITests;
			sourceTree = "<group>";
		};
		5D9BCC7F1E7D285A001BD760 /* Cells */ = {
			isa = PBXGroup;
			children = (
				5D9BCC801E7D2872001BD760 /* ZHBaseTableViewCell.h */,
				5D9BCC811E7D2872001BD760 /* ZHBaseTableViewCell.m */,
				5D9BCC831E7D2AB0001BD760 /* ZHCellOneTableViewCell.h */,
				5D9BCC841E7D2AB0001BD760 /* ZHCellOneTableViewCell.m */,
				5D9BCC861E7D2B09001BD760 /* ZHCellTwoTableViewCell.h */,
				5D9BCC871E7D2B09001BD760 /* ZHCellTwoTableViewCell.m */,
				5D9BCC891E7D2B3F001BD760 /* ZHOtherTableViewCell.h */,
				5D9BCC8A1E7D2B3F001BD760 /* ZHOtherTableViewCell.m */,
			);
			path = Cells;
			sourceTree = "<group>";
		};
		5DC98EAF208589C9009AE998 /* ZHTableViewGroup iOS */ = {
			isa = PBXGroup;
			children = (
				5DC98EF220859960009AE998 /* ZHTableViewGroupHeader.h */,
				5DC98EC320858A13009AE998 /* ZHAutoConfigurationCollectionViewDelegate.h */,
				5DC98EBF20858A13009AE998 /* ZHAutoConfigurationCollectionViewDelegate.m */,
				5DC98ECF20858A15009AE998 /* ZHAutoConfigurationTableViewDelegate.h */,
				5DC98EBD20858A13009AE998 /* ZHAutoConfigurationTableViewDelegate.m */,
				5DC98EBB20858A13009AE998 /* ZHCollectionViewBaseModel.h */,
				5DC98EC720858A14009AE998 /* ZHCollectionViewBaseModel.m */,
				5DC98EBC20858A13009AE998 /* ZHCollectionViewCell.h */,
				5DC98ED020858A15009AE998 /* ZHCollectionViewCell.m */,
				5DC98EC520858A14009AE998 /* ZHCollectionViewDataSource.h */,
				5DC98ECE20858A15009AE998 /* ZHCollectionViewDataSource.m */,
				5DC98ECB20858A14009AE998 /* ZHCollectionViewGroup.h */,
				5DC98ED220858A15009AE998 /* ZHCollectionViewGroup.m */,
				5DC98ECA20858A14009AE998 /* ZHCollectionViewHeaderFooter.h */,
				5DC98EBE20858A13009AE998 /* ZHCollectionViewHeaderFooter.m */,
				5DC98EC820858A14009AE998 /* ZHTableViewBaseModel.h */,
				5DC98ECD20858A14009AE998 /* ZHTableViewBaseModel.m */,
				5DC98ECC20858A14009AE998 /* ZHTableViewCell.h */,
				5DC98EC120858A13009AE998 /* ZHTableViewCell.m */,
				5DC98EC920858A14009AE998 /* ZHTableViewDataSource.h */,
				5DC98EC220858A13009AE998 /* ZHTableViewDataSource.m */,
				5DC98EC620858A14009AE998 /* ZHTableViewGroup.h */,
				5DC98EC420858A14009AE998 /* ZHTableViewGroup.m */,
				5DC98EC020858A13009AE998 /* ZHTableViewHeaderFooter.h */,
				5DC98ED120858A15009AE998 /* ZHTableViewHeaderFooter.m */,
				5DC98EB1208589C9009AE998 /* Info.plist */,
			);
			path = "ZHTableViewGroup iOS";
			sourceTree = "<group>";
		};
		5FF1C03F1767995D44D5E8C7 /* Pods */ = {
			isa = PBXGroup;
			children = (
				B555482AACCBEF69445B3DC5 /* Pods-ZHTableViewGroup_Example.debug.xcconfig */,
				67A8FA6550F7D2AFCBA00DF5 /* Pods-ZHTableViewGroup_Example.release.xcconfig */,
				EE87CBEBBBA82FD7C2E15949 /* Pods-ZHTableViewGroup_Tests.debug.xcconfig */,
				0A4CD91F48BA10BBFFB3CD84 /* Pods-ZHTableViewGroup_Tests.release.xcconfig */,
			);
			name = Pods;
			sourceTree = "<group>";
		};
		6003F581195388D10070C39A = {
			isa = PBXGroup;
			children = (
				60FF7A9C1954A5C5007DD14C /* Podspec Metadata */,
				6003F593195388D20070C39A /* Example for ZHTableViewGroup */,
				5D5C59411EC468A800CA883D /* ZHTableViewGroup_ExampleTests */,
				5D5C594F1EC468B400CA883D /* ZHTableViewGroup_ExampleUITests */,
				5DC98EAF208589C9009AE998 /* ZHTableViewGroup iOS */,
				6003F58C195388D20070C39A /* Frameworks */,
				6003F58B195388D20070C39A /* Products */,
				5FF1C03F1767995D44D5E8C7 /* Pods */,
			);
			sourceTree = "<group>";
		};
		6003F58B195388D20070C39A /* Products */ = {
			isa = PBXGroup;
			children = (
				6003F58A195388D20070C39A /* ZHTableViewGroup_Example.app */,
				5D5C59401EC468A800CA883D /* ZHTableViewGroup_ExampleTests.xctest */,
				5D5C594E1EC468B400CA883D /* ZHTableViewGroup_ExampleUITests.xctest */,
				5DC98EAE208589C9009AE998 /* ZHTableViewGroup.framework */,
			);
			name = Products;
			sourceTree = "<group>";
		};
		6003F58C195388D20070C39A /* Frameworks */ = {
			isa = PBXGroup;
			children = (
				6003F58D195388D20070C39A /* Foundation.framework */,
				6003F58F195388D20070C39A /* CoreGraphics.framework */,
				6003F591195388D20070C39A /* UIKit.framework */,
				6003F5AF195388D20070C39A /* XCTest.framework */,
				ACD2ED0C6DB511E4A11C24DE /* Pods_ZHTableViewGroup_Example.framework */,
				07436A433659DFAD7A803F1A /* Pods_ZHTableViewGroup_Tests.framework */,
			);
			name = Frameworks;
			sourceTree = "<group>";
		};
		6003F593195388D20070C39A /* Example for ZHTableViewGroup */ = {
			isa = PBXGroup;
			children = (
				5D9BCC7F1E7D285A001BD760 /* Cells */,
				6003F59C195388D20070C39A /* ZHAppDelegate.h */,
				6003F59D195388D20070C39A /* ZHAppDelegate.m */,
				873B8AEA1B1F5CCA007FD442 /* Main.storyboard */,
				6003F5A5195388D20070C39A /* ZHViewController.h */,
				6003F5A6195388D20070C39A /* ZHViewController.m */,
				71719F9D1E33DC2100824A3D /* LaunchScreen.storyboard */,
				6003F5A8195388D20070C39A /* Images.xcassets */,
				6003F594195388D20070C39A /* Supporting Files */,
				5D9BCC8C1E7D2FA5001BD760 /* ListCellViewController.h */,
				5D9BCC8D1E7D2FA5001BD760 /* ListCellViewController.m */,
			);
			name = "Example for ZHTableViewGroup";
			path = ZHTableViewGroup;
			sourceTree = "<group>";
		};
		6003F594195388D20070C39A /* Supporting Files */ = {
			isa = PBXGroup;
			children = (
				6003F595195388D20070C39A /* ZHTableViewGroup-Info.plist */,
				6003F596195388D20070C39A /* InfoPlist.strings */,
				6003F599195388D20070C39A /* main.m */,
				6003F59B195388D20070C39A /* ZHTableViewGroup-Prefix.pch */,
			);
			name = "Supporting Files";
			sourceTree = "<group>";
		};
		60FF7A9C1954A5C5007DD14C /* Podspec Metadata */ = {
			isa = PBXGroup;
			children = (
				5D0692F21E7F6061008BC142 /* ZHTableViewGroupObjc.podspec */,
				D8B4600E00FBCC66C103D15D /* README.md */,
				79FC9CA70C15FE1C388D8A0E /* LICENSE */,
			);
			name = "Podspec Metadata";
			sourceTree = "<group>";
		};
/* End PBXGroup section */

/* Begin PBXHeadersBuildPhase section */
		5DC98EAB208589C9009AE998 /* Headers */ = {
			isa = PBXHeadersBuildPhase;
			buildActionMask = 2147483647;
			files = (
				5DC98EF320859960009AE998 /* ZHTableViewGroupHeader.h in Headers */,
				5DC98EE220858A15009AE998 /* ZHCollectionViewHeaderFooter.h in Headers */,
				5DC98EE420858A15009AE998 /* ZHTableViewCell.h in Headers */,
				5DC98ED320858A15009AE998 /* ZHCollectionViewBaseModel.h in Headers */,
				5DC98EDD20858A15009AE998 /* ZHCollectionViewDataSource.h in Headers */,
				5DC98EDE20858A15009AE998 /* ZHTableViewGroup.h in Headers */,
				5DC98EE720858A15009AE998 /* ZHAutoConfigurationTableViewDelegate.h in Headers */,
				5DC98ED420858A15009AE998 /* ZHCollectionViewCell.h in Headers */,
				5DC98EE320858A15009AE998 /* ZHCollectionViewGroup.h in Headers */,
				5DC98EE020858A15009AE998 /* ZHTableViewBaseModel.h in Headers */,
				5DC98EE120858A15009AE998 /* ZHTableViewDataSource.h in Headers */,
				5DC98EDB20858A15009AE998 /* ZHAutoConfigurationCollectionViewDelegate.h in Headers */,
				5DC98ED820858A15009AE998 /* ZHTableViewHeaderFooter.h in Headers */,
			);
			runOnlyForDeploymentPostprocessing = 0;
		};
/* End PBXHeadersBuildPhase section */

/* Begin PBXNativeTarget section */
		5D5C593F1EC468A800CA883D /* ZHTableViewGroup_ExampleTests */ = {
			isa = PBXNativeTarget;
			buildConfigurationList = 5D5C59471EC468A800CA883D /* Build configuration list for PBXNativeTarget "ZHTableViewGroup_ExampleTests" */;
			buildPhases = (
				5D5C593C1EC468A800CA883D /* Sources */,
				5D5C593D1EC468A800CA883D /* Frameworks */,
				5D5C593E1EC468A800CA883D /* Resources */,
			);
			buildRules = (
			);
			dependencies = (
				5D5C59461EC468A800CA883D /* PBXTargetDependency */,
			);
			name = ZHTableViewGroup_ExampleTests;
			productName = ZHTableViewGroup_ExampleTests;
			productReference = 5D5C59401EC468A800CA883D /* ZHTableViewGroup_ExampleTests.xctest */;
			productType = "com.apple.product-type.bundle.unit-test";
		};
		5D5C594D1EC468B400CA883D /* ZHTableViewGroup_ExampleUITests */ = {
			isa = PBXNativeTarget;
			buildConfigurationList = 5D5C59551EC468B400CA883D /* Build configuration list for PBXNativeTarget "ZHTableViewGroup_ExampleUITests" */;
			buildPhases = (
				5D5C594A1EC468B400CA883D /* Sources */,
				5D5C594B1EC468B400CA883D /* Frameworks */,
				5D5C594C1EC468B400CA883D /* Resources */,
			);
			buildRules = (
			);
			dependencies = (
				5D5C59541EC468B400CA883D /* PBXTargetDependency */,
			);
			name = ZHTableViewGroup_ExampleUITests;
			productName = ZHTableViewGroup_ExampleUITests;
			productReference = 5D5C594E1EC468B400CA883D /* ZHTableViewGroup_ExampleUITests.xctest */;
			productType = "com.apple.product-type.bundle.ui-testing";
		};
		5DC98EAD208589C9009AE998 /* ZHTableViewGroup iOS */ = {
			isa = PBXNativeTarget;
			buildConfigurationList = 5DC98EB9208589C9009AE998 /* Build configuration list for PBXNativeTarget "ZHTableViewGroup iOS" */;
			buildPhases = (
				5DC98EA9208589C9009AE998 /* Sources */,
				5DC98EAA208589C9009AE998 /* Frameworks */,
				5DC98EAB208589C9009AE998 /* Headers */,
				5DC98EAC208589C9009AE998 /* Resources */,
			);
			buildRules = (
			);
			dependencies = (
			);
			name = "ZHTableViewGroup iOS";
			productName = "ZHTableViewGroup iOS";
			productReference = 5DC98EAE208589C9009AE998 /* ZHTableViewGroup.framework */;
			productType = "com.apple.product-type.framework";
		};
		6003F589195388D20070C39A /* ZHTableViewGroup_Example */ = {
			isa = PBXNativeTarget;
			buildConfigurationList = 6003F5BF195388D20070C39A /* Build configuration list for PBXNativeTarget "ZHTableViewGroup_Example" */;
			buildPhases = (
				CBA67D85DC7D3714963714B8 /* [CP] Check Pods Manifest.lock */,
				6003F586195388D20070C39A /* Sources */,
				6003F587195388D20070C39A /* Frameworks */,
				6003F588195388D20070C39A /* Resources */,
				231DD34C98C587AAC8AB127F /* [CP] Embed Pods Frameworks */,
				8DCE5D4B24063B846424EDA0 /* [CP] Copy Pods Resources */,
			);
			buildRules = (
			);
			dependencies = (
			);
			name = ZHTableViewGroup_Example;
			productName = ZHTableViewGroup;
			productReference = 6003F58A195388D20070C39A /* ZHTableViewGroup_Example.app */;
			productType = "com.apple.product-type.application";
		};
/* End PBXNativeTarget section */

/* Begin PBXProject section */
		6003F582195388D10070C39A /* Project object */ = {
			isa = PBXProject;
			attributes = {
				CLASSPREFIX = ZH;
				LastUpgradeCheck = 0910;
				ORGANIZATIONNAME = 15038777234;
				TargetAttributes = {
					5D5C593F1EC468A800CA883D = {
						CreatedOnToolsVersion = 8.3;
						ProvisioningStyle = Automatic;
						TestTargetID = 6003F589195388D20070C39A;
					};
					5D5C594D1EC468B400CA883D = {
						CreatedOnToolsVersion = 8.3;
						DevelopmentTeam = 9RWES6K38C;
						ProvisioningStyle = Automatic;
						TestTargetID = 6003F589195388D20070C39A;
					};
					5DC98EAD208589C9009AE998 = {
						CreatedOnToolsVersion = 9.1;
						DevelopmentTeam = 9RWES6K38C;
						ProvisioningStyle = Automatic;
					};
					6003F589195388D20070C39A = {
						DevelopmentTeam = 9RWES6K38C;
					};
				};
			};
			buildConfigurationList = 6003F585195388D10070C39A /* Build configuration list for PBXProject "ZHTableViewGroup" */;
			compatibilityVersion = "Xcode 3.2";
			developmentRegion = English;
			hasScannedForEncodings = 0;
			knownRegions = (
				en,
				Base,
			);
			mainGroup = 6003F581195388D10070C39A;
			productRefGroup = 6003F58B195388D20070C39A /* Products */;
			projectDirPath = "";
			projectRoot = "";
			targets = (
				6003F589195388D20070C39A /* ZHTableViewGroup_Example */,
				5D5C593F1EC468A800CA883D /* ZHTableViewGroup_ExampleTests */,
				5D5C594D1EC468B400CA883D /* ZHTableViewGroup_ExampleUITests */,
				5DC98EAD208589C9009AE998 /* ZHTableViewGroup iOS */,
			);
		};
/* End PBXProject section */

/* Begin PBXResourcesBuildPhase section */
		5D5C593E1EC468A800CA883D /* Resources */ = {
			isa = PBXResourcesBuildPhase;
			buildActionMask = 2147483647;
			files = (
			);
			runOnlyForDeploymentPostprocessing = 0;
		};
		5D5C594C1EC468B400CA883D /* Resources */ = {
			isa = PBXResourcesBuildPhase;
			buildActionMask = 2147483647;
			files = (
			);
			runOnlyForDeploymentPostprocessing = 0;
		};
		5DC98EAC208589C9009AE998 /* Resources */ = {
			isa = PBXResourcesBuildPhase;
			buildActionMask = 2147483647;
			files = (
			);
			runOnlyForDeploymentPostprocessing = 0;
		};
		6003F588195388D20070C39A /* Resources */ = {
			isa = PBXResourcesBuildPhase;
			buildActionMask = 2147483647;
			files = (
				873B8AEB1B1F5CCA007FD442 /* Main.storyboard in Resources */,
				5D0692F31E7F6061008BC142 /* ZHTableViewGroupObjc.podspec in Resources */,
				71719F9F1E33DC2100824A3D /* LaunchScreen.storyboard in Resources */,
				6003F5A9195388D20070C39A /* Images.xcassets in Resources */,
				6003F598195388D20070C39A /* InfoPlist.strings in Resources */,
			);
			runOnlyForDeploymentPostprocessing = 0;
		};
/* End PBXResourcesBuildPhase section */

/* Begin PBXShellScriptBuildPhase section */
		231DD34C98C587AAC8AB127F /* [CP] Embed Pods Frameworks */ = {
			isa = PBXShellScriptBuildPhase;
			buildActionMask = 2147483647;
			files = (
			);
			inputPaths = (
			);
			name = "[CP] Embed Pods Frameworks";
			outputPaths = (
			);
			runOnlyForDeploymentPostprocessing = 0;
			shellPath = /bin/sh;
			shellScript = "\"${SRCROOT}/Pods/Target Support Files/Pods-ZHTableViewGroup_Example/Pods-ZHTableViewGroup_Example-frameworks.sh\"\n";
			showEnvVarsInLog = 0;
		};
		8DCE5D4B24063B846424EDA0 /* [CP] Copy Pods Resources */ = {
			isa = PBXShellScriptBuildPhase;
			buildActionMask = 2147483647;
			files = (
			);
			inputPaths = (
			);
			name = "[CP] Copy Pods Resources";
			outputPaths = (
			);
			runOnlyForDeploymentPostprocessing = 0;
			shellPath = /bin/sh;
			shellScript = "\"${SRCROOT}/Pods/Target Support Files/Pods-ZHTableViewGroup_Example/Pods-ZHTableViewGroup_Example-resources.sh\"\n";
			showEnvVarsInLog = 0;
		};
		CBA67D85DC7D3714963714B8 /* [CP] Check Pods Manifest.lock */ = {
			isa = PBXShellScriptBuildPhase;
			buildActionMask = 2147483647;
			files = (
			);
			inputPaths = (
			);
			name = "[CP] Check Pods Manifest.lock";
			outputPaths = (
			);
			runOnlyForDeploymentPostprocessing = 0;
			shellPath = /bin/sh;
			shellScript = "diff \"${PODS_PODFILE_DIR_PATH}/Podfile.lock\" \"${PODS_ROOT}/Manifest.lock\" > /dev/null\nif [ $? != 0 ] ; then\n    # print error to STDERR\n    echo \"error: The sandbox is not in sync with the Podfile.lock. Run 'pod install' or update your CocoaPods installation.\" >&2\n    exit 1\nfi\n";
			showEnvVarsInLog = 0;
		};
/* End PBXShellScriptBuildPhase section */

/* Begin PBXSourcesBuildPhase section */
		5D5C593C1EC468A800CA883D /* Sources */ = {
			isa = PBXSourcesBuildPhase;
			buildActionMask = 2147483647;
			files = (
				5D5C59431EC468A800CA883D /* ZHTableViewGroup_ExampleTests.m in Sources */,
			);
			runOnlyForDeploymentPostprocessing = 0;
		};
		5D5C594A1EC468B400CA883D /* Sources */ = {
			isa = PBXSourcesBuildPhase;
			buildActionMask = 2147483647;
			files = (
				5D5C59511EC468B400CA883D /* ZHTableViewGroup_ExampleUITests.m in Sources */,
			);
			runOnlyForDeploymentPostprocessing = 0;
		};
		5DC98EA9208589C9009AE998 /* Sources */ = {
			isa = PBXSourcesBuildPhase;
			buildActionMask = 2147483647;
			files = (
				5DC98ED720858A15009AE998 /* ZHAutoConfigurationCollectionViewDelegate.m in Sources */,
				5DC98ED920858A15009AE998 /* ZHTableViewCell.m in Sources */,
				5DC98EE820858A15009AE998 /* ZHCollectionViewCell.m in Sources */,
				5DC98EE520858A15009AE998 /* ZHTableViewBaseModel.m in Sources */,
				5DC98EEA20858A15009AE998 /* ZHCollectionViewGroup.m in Sources */,
				5DC98ED620858A15009AE998 /* ZHCollectionViewHeaderFooter.m in Sources */,
				5DC98EDC20858A15009AE998 /* ZHTableViewGroup.m in Sources */,
				5DC98EDF20858A15009AE998 /* ZHCollectionViewBaseModel.m in Sources */,
				5DC98ED520858A15009AE998 /* ZHAutoConfigurationTableViewDelegate.m in Sources */,
				5DC98EE620858A15009AE998 /* ZHCollectionViewDataSource.m in Sources */,
				5DC98EDA20858A15009AE998 /* ZHTableViewDataSource.m in Sources */,
				5DC98EE920858A15009AE998 /* ZHTableViewHeaderFooter.m in Sources */,
			);
			runOnlyForDeploymentPostprocessing = 0;
		};
		6003F586195388D20070C39A /* Sources */ = {
			isa = PBXSourcesBuildPhase;
			buildActionMask = 2147483647;
			files = (
				5D9BCC821E7D2872001BD760 /* ZHBaseTableViewCell.m in Sources */,
				6003F59E195388D20070C39A /* ZHAppDelegate.m in Sources */,
				6003F5A7195388D20070C39A /* ZHViewController.m in Sources */,
				6003F59A195388D20070C39A /* main.m in Sources */,
				5D9BCC8B1E7D2B3F001BD760 /* ZHOtherTableViewCell.m in Sources */,
				5D9BCC881E7D2B09001BD760 /* ZHCellTwoTableViewCell.m in Sources */,
				5D9BCC8E1E7D2FA5001BD760 /* ListCellViewController.m in Sources */,
				5D9BCC851E7D2AB0001BD760 /* ZHCellOneTableViewCell.m in Sources */,
			);
			runOnlyForDeploymentPostprocessing = 0;
		};
/* End PBXSourcesBuildPhase section */

/* Begin PBXTargetDependency section */
		5D5C59461EC468A800CA883D /* PBXTargetDependency */ = {
			isa = PBXTargetDependency;
			target = 6003F589195388D20070C39A /* ZHTableViewGroup_Example */;
			targetProxy = 5D5C59451EC468A800CA883D /* PBXContainerItemProxy */;
		};
		5D5C59541EC468B400CA883D /* PBXTargetDependency */ = {
			isa = PBXTargetDependency;
			target = 6003F589195388D20070C39A /* ZHTableViewGroup_Example */;
			targetProxy = 5D5C59531EC468B400CA883D /* PBXContainerItemProxy */;
		};
/* End PBXTargetDependency section */

/* Begin PBXVariantGroup section */
		6003F596195388D20070C39A /* InfoPlist.strings */ = {
			isa = PBXVariantGroup;
			children = (
				6003F597195388D20070C39A /* en */,
			);
			name = InfoPlist.strings;
			sourceTree = "<group>";
		};
		71719F9D1E33DC2100824A3D /* LaunchScreen.storyboard */ = {
			isa = PBXVariantGroup;
			children = (
				71719F9E1E33DC2100824A3D /* Base */,
			);
			name = LaunchScreen.storyboard;
			sourceTree = "<group>";
		};
/* End PBXVariantGroup section */

/* Begin XCBuildConfiguration section */
		5D5C59481EC468A800CA883D /* Debug */ = {
			isa = XCBuildConfiguration;
			buildSettings = {
				BUNDLE_LOADER = "$(TEST_HOST)";
				CLANG_ANALYZER_NONNULL = YES;
				CLANG_ANALYZER_NUMBER_OBJECT_CONVERSION = YES_AGGRESSIVE;
				CLANG_WARN_DOCUMENTATION_COMMENTS = YES;
				CLANG_WARN_INFINITE_RECURSION = YES;
				CLANG_WARN_SUSPICIOUS_MOVE = YES;
				CLANG_WARN_UNREACHABLE_CODE = YES;
				DEBUG_INFORMATION_FORMAT = dwarf;
				ENABLE_STRICT_OBJC_MSGSEND = YES;
				GCC_NO_COMMON_BLOCKS = YES;
				INFOPLIST_FILE = ZHTableViewGroup_ExampleTests/Info.plist;
				IPHONEOS_DEPLOYMENT_TARGET = 10.3;
				LD_RUNPATH_SEARCH_PATHS = "$(inherited) @executable_path/Frameworks @loader_path/Frameworks";
				MTL_ENABLE_DEBUG_INFO = YES;
				PRODUCT_BUNDLE_IDENTIFIER = "com.josercc.zhanghang.ZHTableViewGroup-ExampleTests";
				PRODUCT_NAME = "$(TARGET_NAME)";
				TEST_HOST = "$(BUILT_PRODUCTS_DIR)/ZHTableViewGroup_Example.app/ZHTableViewGroup_Example";
			};
			name = Debug;
		};
		5D5C59491EC468A800CA883D /* Release */ = {
			isa = XCBuildConfiguration;
			buildSettings = {
				BUNDLE_LOADER = "$(TEST_HOST)";
				CLANG_ANALYZER_NONNULL = YES;
				CLANG_ANALYZER_NUMBER_OBJECT_CONVERSION = YES_AGGRESSIVE;
				CLANG_WARN_DOCUMENTATION_COMMENTS = YES;
				CLANG_WARN_INFINITE_RECURSION = YES;
				CLANG_WARN_SUSPICIOUS_MOVE = YES;
				CLANG_WARN_UNREACHABLE_CODE = YES;
				COPY_PHASE_STRIP = NO;
				DEBUG_INFORMATION_FORMAT = "dwarf-with-dsym";
				ENABLE_STRICT_OBJC_MSGSEND = YES;
				GCC_NO_COMMON_BLOCKS = YES;
				INFOPLIST_FILE = ZHTableViewGroup_ExampleTests/Info.plist;
				IPHONEOS_DEPLOYMENT_TARGET = 10.3;
				LD_RUNPATH_SEARCH_PATHS = "$(inherited) @executable_path/Frameworks @loader_path/Frameworks";
				MTL_ENABLE_DEBUG_INFO = NO;
				PRODUCT_BUNDLE_IDENTIFIER = "com.josercc.zhanghang.ZHTableViewGroup-ExampleTests";
				PRODUCT_NAME = "$(TARGET_NAME)";
				TEST_HOST = "$(BUILT_PRODUCTS_DIR)/ZHTableViewGroup_Example.app/ZHTableViewGroup_Example";
			};
			name = Release;
		};
		5D5C59561EC468B400CA883D /* Debug */ = {
			isa = XCBuildConfiguration;
			buildSettings = {
				CLANG_ANALYZER_NONNULL = YES;
				CLANG_ANALYZER_NUMBER_OBJECT_CONVERSION = YES_AGGRESSIVE;
				CLANG_WARN_DOCUMENTATION_COMMENTS = YES;
				CLANG_WARN_INFINITE_RECURSION = YES;
				CLANG_WARN_SUSPICIOUS_MOVE = YES;
				CLANG_WARN_UNREACHABLE_CODE = YES;
				DEBUG_INFORMATION_FORMAT = dwarf;
				DEVELOPMENT_TEAM = 9RWES6K38C;
				ENABLE_STRICT_OBJC_MSGSEND = YES;
				GCC_NO_COMMON_BLOCKS = YES;
				INFOPLIST_FILE = ZHTableViewGroup_ExampleUITests/Info.plist;
				IPHONEOS_DEPLOYMENT_TARGET = 10.3;
				LD_RUNPATH_SEARCH_PATHS = "$(inherited) @executable_path/Frameworks @loader_path/Frameworks";
				MTL_ENABLE_DEBUG_INFO = YES;
				PRODUCT_BUNDLE_IDENTIFIER = "com.josercc.zhanghang.ZHTableViewGroup-ExampleUITests";
				PRODUCT_NAME = "$(TARGET_NAME)";
				TEST_TARGET_NAME = ZHTableViewGroup_Example;
			};
			name = Debug;
		};
		5D5C59571EC468B400CA883D /* Release */ = {
			isa = XCBuildConfiguration;
			buildSettings = {
				CLANG_ANALYZER_NONNULL = YES;
				CLANG_ANALYZER_NUMBER_OBJECT_CONVERSION = YES_AGGRESSIVE;
				CLANG_WARN_DOCUMENTATION_COMMENTS = YES;
				CLANG_WARN_INFINITE_RECURSION = YES;
				CLANG_WARN_SUSPICIOUS_MOVE = YES;
				CLANG_WARN_UNREACHABLE_CODE = YES;
				COPY_PHASE_STRIP = NO;
				DEBUG_INFORMATION_FORMAT = "dwarf-with-dsym";
				DEVELOPMENT_TEAM = 9RWES6K38C;
				ENABLE_STRICT_OBJC_MSGSEND = YES;
				GCC_NO_COMMON_BLOCKS = YES;
				INFOPLIST_FILE = ZHTableViewGroup_ExampleUITests/Info.plist;
				IPHONEOS_DEPLOYMENT_TARGET = 10.3;
				LD_RUNPATH_SEARCH_PATHS = "$(inherited) @executable_path/Frameworks @loader_path/Frameworks";
				MTL_ENABLE_DEBUG_INFO = NO;
				PRODUCT_BUNDLE_IDENTIFIER = "com.josercc.zhanghang.ZHTableViewGroup-ExampleUITests";
				PRODUCT_NAME = "$(TARGET_NAME)";
				TEST_TARGET_NAME = ZHTableViewGroup_Example;
			};
			name = Release;
		};
		5DC98EB7208589C9009AE998 /* Debug */ = {
			isa = XCBuildConfiguration;
			buildSettings = {
				CLANG_ANALYZER_NONNULL = YES;
				CLANG_ANALYZER_NUMBER_OBJECT_CONVERSION = YES_AGGRESSIVE;
				CLANG_CXX_LANGUAGE_STANDARD = "gnu++14";
				CLANG_WARN_BLOCK_CAPTURE_AUTORELEASING = YES;
				CLANG_WARN_COMMA = YES;
				CLANG_WARN_DOCUMENTATION_COMMENTS = YES;
				CLANG_WARN_INFINITE_RECURSION = YES;
				CLANG_WARN_NON_LITERAL_NULL_CONVERSION = YES;
				CLANG_WARN_OBJC_LITERAL_CONVERSION = YES;
				CLANG_WARN_RANGE_LOOP_ANALYSIS = YES;
				CLANG_WARN_STRICT_PROTOTYPES = YES;
				CLANG_WARN_SUSPICIOUS_MOVE = YES;
				CLANG_WARN_UNGUARDED_AVAILABILITY = YES_AGGRESSIVE;
				CLANG_WARN_UNREACHABLE_CODE = YES;
				CODE_SIGN_IDENTITY = "iPhone Developer";
				"CODE_SIGN_IDENTITY[sdk=iphoneos*]" = "";
				CODE_SIGN_STYLE = Automatic;
				CURRENT_PROJECT_VERSION = 1;
				DEBUG_INFORMATION_FORMAT = dwarf;
				DEFINES_MODULE = YES;
				DEVELOPMENT_TEAM = 9RWES6K38C;
				DYLIB_COMPATIBILITY_VERSION = 1;
				DYLIB_CURRENT_VERSION = 1;
				DYLIB_INSTALL_NAME_BASE = "@rpath";
				ENABLE_STRICT_OBJC_MSGSEND = YES;
				GCC_C_LANGUAGE_STANDARD = gnu11;
				GCC_NO_COMMON_BLOCKS = YES;
				INFOPLIST_FILE = "ZHTableViewGroup iOS/Info.plist";
				INSTALL_PATH = "$(LOCAL_LIBRARY_DIR)/Frameworks";
				IPHONEOS_DEPLOYMENT_TARGET = 8.0;
				LD_RUNPATH_SEARCH_PATHS = "$(inherited) @executable_path/Frameworks @loader_path/Frameworks";
				MTL_ENABLE_DEBUG_INFO = YES;
				PRODUCT_BUNDLE_IDENTIFIER = "com.globalegrow.ZHTableViewGroup-iOS";
				PRODUCT_NAME = ZHTableViewGroup;
				SKIP_INSTALL = YES;
				TARGETED_DEVICE_FAMILY = "1,2";
				VERSIONING_SYSTEM = "apple-generic";
				VERSION_INFO_PREFIX = "";
			};
			name = Debug;
		};
		5DC98EB8208589C9009AE998 /* Release */ = {
			isa = XCBuildConfiguration;
			buildSettings = {
				CLANG_ANALYZER_NONNULL = YES;
				CLANG_ANALYZER_NUMBER_OBJECT_CONVERSION = YES_AGGRESSIVE;
				CLANG_CXX_LANGUAGE_STANDARD = "gnu++14";
				CLANG_WARN_BLOCK_CAPTURE_AUTORELEASING = YES;
				CLANG_WARN_COMMA = YES;
				CLANG_WARN_DOCUMENTATION_COMMENTS = YES;
				CLANG_WARN_INFINITE_RECURSION = YES;
				CLANG_WARN_NON_LITERAL_NULL_CONVERSION = YES;
				CLANG_WARN_OBJC_LITERAL_CONVERSION = YES;
				CLANG_WARN_RANGE_LOOP_ANALYSIS = YES;
				CLANG_WARN_STRICT_PROTOTYPES = YES;
				CLANG_WARN_SUSPICIOUS_MOVE = YES;
				CLANG_WARN_UNGUARDED_AVAILABILITY = YES_AGGRESSIVE;
				CLANG_WARN_UNREACHABLE_CODE = YES;
				CODE_SIGN_IDENTITY = "iPhone Developer";
				"CODE_SIGN_IDENTITY[sdk=iphoneos*]" = "";
				CODE_SIGN_STYLE = Automatic;
				COPY_PHASE_STRIP = NO;
				CURRENT_PROJECT_VERSION = 1;
				DEBUG_INFORMATION_FORMAT = "dwarf-with-dsym";
				DEFINES_MODULE = YES;
				DEVELOPMENT_TEAM = 9RWES6K38C;
				DYLIB_COMPATIBILITY_VERSION = 1;
				DYLIB_CURRENT_VERSION = 1;
				DYLIB_INSTALL_NAME_BASE = "@rpath";
				ENABLE_STRICT_OBJC_MSGSEND = YES;
				GCC_C_LANGUAGE_STANDARD = gnu11;
				GCC_NO_COMMON_BLOCKS = YES;
				INFOPLIST_FILE = "ZHTableViewGroup iOS/Info.plist";
				INSTALL_PATH = "$(LOCAL_LIBRARY_DIR)/Frameworks";
				IPHONEOS_DEPLOYMENT_TARGET = 8.0;
				LD_RUNPATH_SEARCH_PATHS = "$(inherited) @executable_path/Frameworks @loader_path/Frameworks";
				MTL_ENABLE_DEBUG_INFO = NO;
				PRODUCT_BUNDLE_IDENTIFIER = "com.globalegrow.ZHTableViewGroup-iOS";
				PRODUCT_NAME = ZHTableViewGroup;
				SKIP_INSTALL = YES;
				TARGETED_DEVICE_FAMILY = "1,2";
				VERSIONING_SYSTEM = "apple-generic";
				VERSION_INFO_PREFIX = "";
			};
			name = Release;
		};
		6003F5BD195388D20070C39A /* Debug */ = {
			isa = XCBuildConfiguration;
			buildSettings = {
				ALWAYS_SEARCH_USER_PATHS = NO;
				CLANG_CXX_LANGUAGE_STANDARD = "gnu++0x";
				CLANG_CXX_LIBRARY = "libc++";
				CLANG_ENABLE_MODULES = YES;
				CLANG_ENABLE_OBJC_ARC = YES;
				CLANG_WARN_BLOCK_CAPTURE_AUTORELEASING = YES;
				CLANG_WARN_BOOL_CONVERSION = YES;
				CLANG_WARN_COMMA = YES;
				CLANG_WARN_CONSTANT_CONVERSION = YES;
				CLANG_WARN_DIRECT_OBJC_ISA_USAGE = YES_ERROR;
				CLANG_WARN_EMPTY_BODY = YES;
				CLANG_WARN_ENUM_CONVERSION = YES;
				CLANG_WARN_INFINITE_RECURSION = YES;
				CLANG_WARN_INT_CONVERSION = YES;
				CLANG_WARN_NON_LITERAL_NULL_CONVERSION = YES;
				CLANG_WARN_OBJC_LITERAL_CONVERSION = YES;
				CLANG_WARN_OBJC_ROOT_CLASS = YES_ERROR;
				CLANG_WARN_RANGE_LOOP_ANALYSIS = YES;
				CLANG_WARN_STRICT_PROTOTYPES = YES;
				CLANG_WARN_SUSPICIOUS_MOVE = YES;
				CLANG_WARN_UNREACHABLE_CODE = YES;
				CLANG_WARN__DUPLICATE_METHOD_MATCH = YES;
				"CODE_SIGN_IDENTITY[sdk=iphoneos*]" = "iPhone Developer";
				COPY_PHASE_STRIP = NO;
				ENABLE_STRICT_OBJC_MSGSEND = YES;
				ENABLE_TESTABILITY = YES;
				GCC_C_LANGUAGE_STANDARD = gnu99;
				GCC_DYNAMIC_NO_PIC = NO;
				GCC_NO_COMMON_BLOCKS = YES;
				GCC_OPTIMIZATION_LEVEL = 0;
				GCC_PREPROCESSOR_DEFINITIONS = (
					"DEBUG=1",
					"$(inherited)",
				);
				GCC_SYMBOLS_PRIVATE_EXTERN = NO;
				GCC_WARN_64_TO_32_BIT_CONVERSION = YES;
				GCC_WARN_ABOUT_RETURN_TYPE = YES_ERROR;
				GCC_WARN_UNDECLARED_SELECTOR = YES;
				GCC_WARN_UNINITIALIZED_AUTOS = YES_AGGRESSIVE;
				GCC_WARN_UNUSED_FUNCTION = YES;
				GCC_WARN_UNUSED_VARIABLE = YES;
				IPHONEOS_DEPLOYMENT_TARGET = 8.3;
				ONLY_ACTIVE_ARCH = YES;
				SDKROOT = iphoneos;
				TARGETED_DEVICE_FAMILY = "1,2";
			};
			name = Debug;
		};
		6003F5BE195388D20070C39A /* Release */ = {
			isa = XCBuildConfiguration;
			buildSettings = {
				ALWAYS_SEARCH_USER_PATHS = NO;
				CLANG_CXX_LANGUAGE_STANDARD = "gnu++0x";
				CLANG_CXX_LIBRARY = "libc++";
				CLANG_ENABLE_MODULES = YES;
				CLANG_ENABLE_OBJC_ARC = YES;
				CLANG_WARN_BLOCK_CAPTURE_AUTORELEASING = YES;
				CLANG_WARN_BOOL_CONVERSION = YES;
				CLANG_WARN_COMMA = YES;
				CLANG_WARN_CONSTANT_CONVERSION = YES;
				CLANG_WARN_DIRECT_OBJC_ISA_USAGE = YES_ERROR;
				CLANG_WARN_EMPTY_BODY = YES;
				CLANG_WARN_ENUM_CONVERSION = YES;
				CLANG_WARN_INFINITE_RECURSION = YES;
				CLANG_WARN_INT_CONVERSION = YES;
				CLANG_WARN_NON_LITERAL_NULL_CONVERSION = YES;
				CLANG_WARN_OBJC_LITERAL_CONVERSION = YES;
				CLANG_WARN_OBJC_ROOT_CLASS = YES_ERROR;
				CLANG_WARN_RANGE_LOOP_ANALYSIS = YES;
				CLANG_WARN_STRICT_PROTOTYPES = YES;
				CLANG_WARN_SUSPICIOUS_MOVE = YES;
				CLANG_WARN_UNREACHABLE_CODE = YES;
				CLANG_WARN__DUPLICATE_METHOD_MATCH = YES;
				"CODE_SIGN_IDENTITY[sdk=iphoneos*]" = "iPhone Developer";
				COPY_PHASE_STRIP = YES;
				ENABLE_NS_ASSERTIONS = NO;
				ENABLE_STRICT_OBJC_MSGSEND = YES;
				GCC_C_LANGUAGE_STANDARD = gnu99;
				GCC_NO_COMMON_BLOCKS = YES;
				GCC_WARN_64_TO_32_BIT_CONVERSION = YES;
				GCC_WARN_ABOUT_RETURN_TYPE = YES_ERROR;
				GCC_WARN_UNDECLARED_SELECTOR = YES;
				GCC_WARN_UNINITIALIZED_AUTOS = YES_AGGRESSIVE;
				GCC_WARN_UNUSED_FUNCTION = YES;
				GCC_WARN_UNUSED_VARIABLE = YES;
				IPHONEOS_DEPLOYMENT_TARGET = 8.3;
				SDKROOT = iphoneos;
				TARGETED_DEVICE_FAMILY = "1,2";
				VALIDATE_PRODUCT = YES;
			};
			name = Release;
		};
		6003F5C0195388D20070C39A /* Debug */ = {
			isa = XCBuildConfiguration;
			baseConfigurationReference = B555482AACCBEF69445B3DC5 /* Pods-ZHTableViewGroup_Example.debug.xcconfig */;
			buildSettings = {
				ASSETCATALOG_COMPILER_APPICON_NAME = AppIcon;
				CODE_SIGN_IDENTITY = "iPhone Developer";
				DEVELOPMENT_TEAM = 9RWES6K38C;
				GCC_PRECOMPILE_PREFIX_HEADER = YES;
				GCC_PREFIX_HEADER = "ZHTableViewGroup/ZHTableViewGroup-Prefix.pch";
				INFOPLIST_FILE = "ZHTableViewGroup/ZHTableViewGroup-Info.plist";
				IPHONEOS_DEPLOYMENT_TARGET = 8.0;
				LD_RUNPATH_SEARCH_PATHS = "$(inherited) @executable_path/Frameworks";
				MODULE_NAME = ExampleApp;
				PRODUCT_BUNDLE_IDENTIFIER = "com.josercc.zhanghang.ZHTableViewGroup-Example";
				PRODUCT_NAME = "$(TARGET_NAME)";
				TARGETED_DEVICE_FAMILY = 1;
				WRAPPER_EXTENSION = app;
			};
			name = Debug;
		};
		6003F5C1195388D20070C39A /* Release */ = {
			isa = XCBuildConfiguration;
			baseConfigurationReference = 67A8FA6550F7D2AFCBA00DF5 /* Pods-ZHTableViewGroup_Example.release.xcconfig */;
			buildSettings = {
				ASSETCATALOG_COMPILER_APPICON_NAME = AppIcon;
				CODE_SIGN_IDENTITY = "iPhone Developer";
				DEVELOPMENT_TEAM = 9RWES6K38C;
				GCC_PRECOMPILE_PREFIX_HEADER = YES;
				GCC_PREFIX_HEADER = "ZHTableViewGroup/ZHTableViewGroup-Prefix.pch";
				INFOPLIST_FILE = "ZHTableViewGroup/ZHTableViewGroup-Info.plist";
				IPHONEOS_DEPLOYMENT_TARGET = 8.0;
				LD_RUNPATH_SEARCH_PATHS = "$(inherited) @executable_path/Frameworks";
				MODULE_NAME = ExampleApp;
				PRODUCT_BUNDLE_IDENTIFIER = "com.josercc.zhanghang.ZHTableViewGroup-Example";
				PRODUCT_NAME = "$(TARGET_NAME)";
				TARGETED_DEVICE_FAMILY = 1;
				WRAPPER_EXTENSION = app;
			};
			name = Release;
		};
/* End XCBuildConfiguration section */

/* Begin XCConfigurationList section */
		5D5C59471EC468A800CA883D /* Build configuration list for PBXNativeTarget "ZHTableViewGroup_ExampleTests" */ = {
			isa = XCConfigurationList;
			buildConfigurations = (
				5D5C59481EC468A800CA883D /* Debug */,
				5D5C59491EC468A800CA883D /* Release */,
			);
			defaultConfigurationIsVisible = 0;
			defaultConfigurationName = Release;
		};
		5D5C59551EC468B400CA883D /* Build configuration list for PBXNativeTarget "ZHTableViewGroup_ExampleUITests" */ = {
			isa = XCConfigurationList;
			buildConfigurations = (
				5D5C59561EC468B400CA883D /* Debug */,
				5D5C59571EC468B400CA883D /* Release */,
			);
			defaultConfigurationIsVisible = 0;
			defaultConfigurationName = Release;
		};
		5DC98EB9208589C9009AE998 /* Build configuration list for PBXNativeTarget "ZHTableViewGroup iOS" */ = {
			isa = XCConfigurationList;
			buildConfigurations = (
				5DC98EB7208589C9009AE998 /* Debug */,
				5DC98EB8208589C9009AE998 /* Release */,
			);
			defaultConfigurationIsVisible = 0;
			defaultConfigurationName = Release;
		};
		6003F585195388D10070C39A /* Build configuration list for PBXProject "ZHTableViewGroup" */ = {
			isa = XCConfigurationList;
			buildConfigurations = (
				6003F5BD195388D20070C39A /* Debug */,
				6003F5BE195388D20070C39A /* Release */,
			);
			defaultConfigurationIsVisible = 0;
			defaultConfigurationName = Release;
		};
		6003F5BF195388D20070C39A /* Build configuration list for PBXNativeTarget "ZHTableViewGroup_Example" */ = {
			isa = XCConfigurationList;
			buildConfigurations = (
				6003F5C0195388D20070C39A /* Debug */,
				6003F5C1195388D20070C39A /* Release */,
			);
			defaultConfigurationIsVisible = 0;
			defaultConfigurationName = Release;
		};
/* End XCConfigurationList section */
	};
	rootObject = 6003F582195388D10070C39A /* Project object */;
}
